// !$*UTF8*$!
{
	archiveVersion = 1;
	classes = {
	};
	objectVersion = 46;
	objects = {

/* Begin PBXBuildFile section */
		1D3623260D0F684500981E51 /* ThcAppDelegate.m in Sources */ = {isa = PBXBuildFile; fileRef = 1D3623250D0F684500981E51 /* ThcAppDelegate.m */; };
		1D60589B0D05DD56006BFB54 /* main.m in Sources */ = {isa = PBXBuildFile; fileRef = 29B97316FDCFA39411CA2CEA /* main.m */; };
		1D60589F0D05DD5A006BFB54 /* Foundation.framework in Frameworks */ = {isa = PBXBuildFile; fileRef = 1D30AB110D05D00D00671497 /* Foundation.framework */; };
		1DF5F4E00D08C38300B7A737 /* UIKit.framework in Frameworks */ = {isa = PBXBuildFile; fileRef = 1DF5F4DF0D08C38300B7A737 /* UIKit.framework */; };
		28193055112F811F00ECF9B4 /* thc_ipad.xcdatamodeld in Sources */ = {isa = PBXBuildFile; fileRef = 28193054112F811F00ECF9B4 /* thc_ipad.xcdatamodeld */; };
		288765A50DF7441C002DB57D /* CoreGraphics.framework in Frameworks */ = {isa = PBXBuildFile; fileRef = 288765A40DF7441C002DB57D /* CoreGraphics.framework */; };
		28AD733F0D9D9553002E5188 /* MainWindow.xib in Resources */ = {isa = PBXBuildFile; fileRef = 28AD733E0D9D9553002E5188 /* MainWindow.xib */; };
		28D801B40F44B63D00FB423F /* CoreData.framework in Frameworks */ = {isa = PBXBuildFile; fileRef = 28D801B30F44B63D00FB423F /* CoreData.framework */; };
		40023D8112B65C2D000870CD /* ElementMock.m in Sources */ = {isa = PBXBuildFile; fileRef = 40023D8012B65C2D000870CD /* ElementMock.m */; };
		40023DC712B66001000870CD /* THCLabelWithElementTest.m in Sources */ = {isa = PBXBuildFile; fileRef = 40023D7312B6583C000870CD /* THCLabelWithElementTest.m */; };
		40023DE212B660AC000870CD /* Utils.m in Sources */ = {isa = PBXBuildFile; fileRef = 40023DDC12B660AC000870CD /* Utils.m */; };
		40023DE312B660AC000870CD /* THCFonts.m in Sources */ = {isa = PBXBuildFile; fileRef = 40023DDE12B660AC000870CD /* THCFonts.m */; };
		40023DE412B660AC000870CD /* THCColors.m in Sources */ = {isa = PBXBuildFile; fileRef = 40023DE012B660AC000870CD /* THCColors.m */; };
		40023DE512B660B9000870CD /* Utils.m in Sources */ = {isa = PBXBuildFile; fileRef = 40023DDC12B660AC000870CD /* Utils.m */; };
		40023DE612B660BF000870CD /* THCFonts.m in Sources */ = {isa = PBXBuildFile; fileRef = 40023DDE12B660AC000870CD /* THCFonts.m */; };
		40023DE712B660C2000870CD /* THCColors.m in Sources */ = {isa = PBXBuildFile; fileRef = 40023DE012B660AC000870CD /* THCColors.m */; };
		402D370312ABAE1100010C4A /* AbstractManagerTest.m in Sources */ = {isa = PBXBuildFile; fileRef = 402D370212ABAE1100010C4A /* AbstractManagerTest.m */; };
		402D371512ABAFD700010C4A /* THCUIComponentAbstract.m in Sources */ = {isa = PBXBuildFile; fileRef = 40BB26B9129EB31700E0C916 /* THCUIComponentAbstract.m */; };
		402D371612ABAFD900010C4A /* THCUIComponentsUtils.m in Sources */ = {isa = PBXBuildFile; fileRef = 403107C812A8504500BECD2E /* THCUIComponentsUtils.m */; };
		402D371712ABAFDC00010C4A /* THCUITodoView.m in Sources */ = {isa = PBXBuildFile; fileRef = 40D01BAA129C7BCC0027E31D /* THCUITodoView.m */; };
		402D37E912ABB58E00010C4A /* GTMIPhoneUnitTestDelegate.m in Sources */ = {isa = PBXBuildFile; fileRef = 402D37D312ABB58E00010C4A /* GTMIPhoneUnitTestDelegate.m */; };
		402D37EA12ABB58E00010C4A /* GTMIPhoneUnitTestMain.m in Sources */ = {isa = PBXBuildFile; fileRef = 402D37D412ABB58E00010C4A /* GTMIPhoneUnitTestMain.m */; };
		402D37EB12ABB58E00010C4A /* GTMObjC2Runtime.m in Sources */ = {isa = PBXBuildFile; fileRef = 402D37D612ABB58E00010C4A /* GTMObjC2Runtime.m */; };
		402D37EC12ABB58E00010C4A /* GTMRegex.m in Sources */ = {isa = PBXBuildFile; fileRef = 402D37D812ABB58E00010C4A /* GTMRegex.m */; };
		402D37ED12ABB58E00010C4A /* GTMSenTestCase.m in Sources */ = {isa = PBXBuildFile; fileRef = 402D37DA12ABB58E00010C4A /* GTMSenTestCase.m */; };
		402D37EE12ABB58E00010C4A /* GTMUnitTestDevLog.m in Sources */ = {isa = PBXBuildFile; fileRef = 402D37DC12ABB58E00010C4A /* GTMUnitTestDevLog.m */; };
		402D37EF12ABB58E00010C4A /* RunIPhoneUnitTest.sh in Resources */ = {isa = PBXBuildFile; fileRef = 402D37DD12ABB58E00010C4A /* RunIPhoneUnitTest.sh */; };
		402D37F012ABB58E00010C4A /* libOCMock.a in Frameworks */ = {isa = PBXBuildFile; fileRef = 402D37E612ABB58E00010C4A /* libOCMock.a */; };
		403107C912A8504500BECD2E /* THCUIComponentsUtils.m in Sources */ = {isa = PBXBuildFile; fileRef = 403107C812A8504500BECD2E /* THCUIComponentsUtils.m */; };
		40A918811291A2BF00BFCA83 /* THCLabelWithElement.m in Sources */ = {isa = PBXBuildFile; fileRef = 40A918801291A2BF00BFCA83 /* THCLabelWithElement.m */; };
		40A918A41291A52C00BFCA83 /* THCTextViewWithElement.m in Sources */ = {isa = PBXBuildFile; fileRef = 40A918A31291A52C00BFCA83 /* THCTextViewWithElement.m */; };
		40BB26BA129EB31700E0C916 /* THCUIComponentAbstract.m in Sources */ = {isa = PBXBuildFile; fileRef = 40BB26B9129EB31700E0C916 /* THCUIComponentAbstract.m */; };
		40C219921291796900559770 /* Element.m in Sources */ = {isa = PBXBuildFile; fileRef = 40C219911291796900559770 /* Element.m */; };
		40C219951291797F00559770 /* ElementManager.m in Sources */ = {isa = PBXBuildFile; fileRef = 40C219941291797F00559770 /* ElementManager.m */; };
		40C219A112917CFB00559770 /* AbstractManager.m in Sources */ = {isa = PBXBuildFile; fileRef = 40C219A012917CFB00559770 /* AbstractManager.m */; };
		40D01BAB129C7BCC0027E31D /* THCUITodoView.m in Sources */ = {isa = PBXBuildFile; fileRef = 40D01BAA129C7BCC0027E31D /* THCUITodoView.m */; };
		40FE062A12B66BB5007FAECC /* THCTextViewWithElementTest.m in Sources */ = {isa = PBXBuildFile; fileRef = 40FE062912B66BB5007FAECC /* THCTextViewWithElementTest.m */; };
		40FE064312B67381007FAECC /* THCUIComponentsTestUtils.m in Sources */ = {isa = PBXBuildFile; fileRef = 40FE064212B67381007FAECC /* THCUIComponentsTestUtils.m */; };
		40FE06C412B6AC09007FAECC /* RootViewControllerTest.m in Sources */ = {isa = PBXBuildFile; fileRef = 40FE06C312B6AC09007FAECC /* RootViewControllerTest.m */; };
		40FE082812B75730007FAECC /* THCScrollViewTest.m in Sources */ = {isa = PBXBuildFile; fileRef = 40FE082712B75730007FAECC /* THCScrollViewTest.m */; };
		40FE094112B78C12007FAECC /* THCUIImage.m in Sources */ = {isa = PBXBuildFile; fileRef = 40FE094012B78C12007FAECC /* THCUIImage.m */; };
		40FE094512B78D4A007FAECC /* vanger.JPG in Resources */ = {isa = PBXBuildFile; fileRef = 40FE094412B78D4A007FAECC /* vanger.JPG */; };
		40FE094612B78D4A007FAECC /* vanger.JPG in Resources */ = {isa = PBXBuildFile; fileRef = 40FE094412B78D4A007FAECC /* vanger.JPG */; };
		40FE094A12B78D87007FAECC /* THCImageTest.m in Sources */ = {isa = PBXBuildFile; fileRef = 40FE094812B78D87007FAECC /* THCImageTest.m */; };
		40FE0A5512B79DF5007FAECC /* THCUIImage.m in Sources */ = {isa = PBXBuildFile; fileRef = 40FE094012B78C12007FAECC /* THCUIImage.m */; };
		9294B45012AEEDBE00C6F2D5 /* DBAccountInfo.m in Sources */ = {isa = PBXBuildFile; fileRef = 9294B3FB12AEEDBE00C6F2D5 /* DBAccountInfo.m */; };
		9294B45112AEEDBE00C6F2D5 /* DBCreateAccountController.m in Sources */ = {isa = PBXBuildFile; fileRef = 9294B3FD12AEEDBE00C6F2D5 /* DBCreateAccountController.m */; };
		9294B45212AEEDBE00C6F2D5 /* DBError.m in Sources */ = {isa = PBXBuildFile; fileRef = 9294B3FF12AEEDBE00C6F2D5 /* DBError.m */; };
		9294B45312AEEDBE00C6F2D5 /* DBLoadingView.m in Sources */ = {isa = PBXBuildFile; fileRef = 9294B40112AEEDBE00C6F2D5 /* DBLoadingView.m */; };
		9294B45412AEEDBE00C6F2D5 /* DBLoginController.m in Sources */ = {isa = PBXBuildFile; fileRef = 9294B40312AEEDBE00C6F2D5 /* DBLoginController.m */; };
		9294B45512AEEDBE00C6F2D5 /* DBMetadata.m in Sources */ = {isa = PBXBuildFile; fileRef = 9294B40512AEEDBE00C6F2D5 /* DBMetadata.m */; };
		9294B45612AEEDBE00C6F2D5 /* DBQuota.m in Sources */ = {isa = PBXBuildFile; fileRef = 9294B40712AEEDBE00C6F2D5 /* DBQuota.m */; };
		9294B45712AEEDBE00C6F2D5 /* DBRequest.m in Sources */ = {isa = PBXBuildFile; fileRef = 9294B40912AEEDBE00C6F2D5 /* DBRequest.m */; };
		9294B45812AEEDBE00C6F2D5 /* DBRestClient.m in Sources */ = {isa = PBXBuildFile; fileRef = 9294B40B12AEEDBE00C6F2D5 /* DBRestClient.m */; };
		9294B45912AEEDBE00C6F2D5 /* DBSession.m in Sources */ = {isa = PBXBuildFile; fileRef = 9294B40D12AEEDBE00C6F2D5 /* DBSession.m */; };
		9294B45A12AEEDBE00C6F2D5 /* NSObject+SBJSON.m in Sources */ = {isa = PBXBuildFile; fileRef = 9294B41212AEEDBE00C6F2D5 /* NSObject+SBJSON.m */; };
		9294B45B12AEEDBE00C6F2D5 /* NSString+SBJSON.m in Sources */ = {isa = PBXBuildFile; fileRef = 9294B41412AEEDBE00C6F2D5 /* NSString+SBJSON.m */; };
		9294B45C12AEEDBE00C6F2D5 /* SBJSON.m in Sources */ = {isa = PBXBuildFile; fileRef = 9294B41612AEEDBE00C6F2D5 /* SBJSON.m */; };
		9294B45D12AEEDBE00C6F2D5 /* SBJsonBase.m in Sources */ = {isa = PBXBuildFile; fileRef = 9294B41812AEEDBE00C6F2D5 /* SBJsonBase.m */; };
		9294B45E12AEEDBE00C6F2D5 /* SBJsonParser.m in Sources */ = {isa = PBXBuildFile; fileRef = 9294B41A12AEEDBE00C6F2D5 /* SBJsonParser.m */; };
		9294B45F12AEEDBE00C6F2D5 /* SBJsonWriter.m in Sources */ = {isa = PBXBuildFile; fileRef = 9294B41C12AEEDBE00C6F2D5 /* SBJsonWriter.m */; };
		9294B46012AEEDBE00C6F2D5 /* Base64Transcoder.c in Sources */ = {isa = PBXBuildFile; fileRef = 9294B41F12AEEDBE00C6F2D5 /* Base64Transcoder.c */; };
		9294B46112AEEDBE00C6F2D5 /* MPOAuthAPI.m in Sources */ = {isa = PBXBuildFile; fileRef = 9294B42412AEEDBE00C6F2D5 /* MPOAuthAPI.m */; };
		9294B46212AEEDBE00C6F2D5 /* MPOAuthAPIRequestLoader.m in Sources */ = {isa = PBXBuildFile; fileRef = 9294B42612AEEDBE00C6F2D5 /* MPOAuthAPIRequestLoader.m */; };
		9294B46312AEEDBE00C6F2D5 /* MPOAuthAuthenticationMethod.m in Sources */ = {isa = PBXBuildFile; fileRef = 9294B42812AEEDBE00C6F2D5 /* MPOAuthAuthenticationMethod.m */; };
		9294B46412AEEDBE00C6F2D5 /* MPOAuthAuthenticationMethodOAuth.m in Sources */ = {isa = PBXBuildFile; fileRef = 9294B42A12AEEDBE00C6F2D5 /* MPOAuthAuthenticationMethodOAuth.m */; };
		9294B46512AEEDBE00C6F2D5 /* MPOAuthConnection.m in Sources */ = {isa = PBXBuildFile; fileRef = 9294B42C12AEEDBE00C6F2D5 /* MPOAuthConnection.m */; };
		9294B46612AEEDBE00C6F2D5 /* MPOAuthCredentiaIConcreteStore+KeychainAdditionsMac.m in Sources */ = {isa = PBXBuildFile; fileRef = 9294B42D12AEEDBE00C6F2D5 /* MPOAuthCredentiaIConcreteStore+KeychainAdditionsMac.m */; };
		9294B46712AEEDBE00C6F2D5 /* MPOAuthCredentialConcreteStore+KeychainAdditionsiPhone.m in Sources */ = {isa = PBXBuildFile; fileRef = 9294B42F12AEEDBE00C6F2D5 /* MPOAuthCredentialConcreteStore+KeychainAdditionsiPhone.m */; };
		9294B46812AEEDBE00C6F2D5 /* MPOAuthCredentialConcreteStore.m in Sources */ = {isa = PBXBuildFile; fileRef = 9294B43112AEEDBE00C6F2D5 /* MPOAuthCredentialConcreteStore.m */; };
		9294B46912AEEDBE00C6F2D5 /* MPOAuthSignatureParameter.m in Sources */ = {isa = PBXBuildFile; fileRef = 9294B43512AEEDBE00C6F2D5 /* MPOAuthSignatureParameter.m */; };
		9294B46A12AEEDBE00C6F2D5 /* MPOAuthURLRequest.m in Sources */ = {isa = PBXBuildFile; fileRef = 9294B43712AEEDBE00C6F2D5 /* MPOAuthURLRequest.m */; };
		9294B46B12AEEDBE00C6F2D5 /* MPOAuthURLResponse.m in Sources */ = {isa = PBXBuildFile; fileRef = 9294B43912AEEDBE00C6F2D5 /* MPOAuthURLResponse.m */; };
		9294B46C12AEEDBE00C6F2D5 /* MPURLRequestParameter.m in Sources */ = {isa = PBXBuildFile; fileRef = 9294B43B12AEEDBE00C6F2D5 /* MPURLRequestParameter.m */; };
		9294B46D12AEEDBE00C6F2D5 /* NSString+URLEscapingAdditions.m in Sources */ = {isa = PBXBuildFile; fileRef = 9294B43D12AEEDBE00C6F2D5 /* NSString+URLEscapingAdditions.m */; };
		9294B46E12AEEDBE00C6F2D5 /* NSURL+MPURLParameterAdditions.m in Sources */ = {isa = PBXBuildFile; fileRef = 9294B43F12AEEDBE00C6F2D5 /* NSURL+MPURLParameterAdditions.m */; };
		9294B46F12AEEDBE00C6F2D5 /* NSURLResponse+Encoding.m in Sources */ = {isa = PBXBuildFile; fileRef = 9294B44112AEEDBE00C6F2D5 /* NSURLResponse+Encoding.m */; };
		9294B47012AEEDBE00C6F2D5 /* NSString+Dropbox.m in Sources */ = {isa = PBXBuildFile; fileRef = 9294B44312AEEDBE00C6F2D5 /* NSString+Dropbox.m */; };
		9294B47112AEEDBE00C6F2D5 /* db_background.png in Resources */ = {isa = PBXBuildFile; fileRef = 9294B44512AEEDBE00C6F2D5 /* db_background.png */; };
		9294B47212AEEDBE00C6F2D5 /* db_create_account.png in Resources */ = {isa = PBXBuildFile; fileRef = 9294B44612AEEDBE00C6F2D5 /* db_create_account.png */; };
		9294B47312AEEDBE00C6F2D5 /* db_create_account@2x.png in Resources */ = {isa = PBXBuildFile; fileRef = 9294B44712AEEDBE00C6F2D5 /* db_create_account@2x.png */; };
		9294B47412AEEDBE00C6F2D5 /* db_create_account_button.png in Resources */ = {isa = PBXBuildFile; fileRef = 9294B44812AEEDBE00C6F2D5 /* db_create_account_button.png */; };
		9294B47512AEEDBE00C6F2D5 /* db_create_account_button_down.png in Resources */ = {isa = PBXBuildFile; fileRef = 9294B44912AEEDBE00C6F2D5 /* db_create_account_button_down.png */; };
		9294B47612AEEDBE00C6F2D5 /* db_link_button.png in Resources */ = {isa = PBXBuildFile; fileRef = 9294B44A12AEEDBE00C6F2D5 /* db_link_button.png */; };
		9294B47712AEEDBE00C6F2D5 /* db_link_button_down.png in Resources */ = {isa = PBXBuildFile; fileRef = 9294B44B12AEEDBE00C6F2D5 /* db_link_button_down.png */; };
		9294B47812AEEDBE00C6F2D5 /* db_link_header.png in Resources */ = {isa = PBXBuildFile; fileRef = 9294B44C12AEEDBE00C6F2D5 /* db_link_header.png */; };
		9294B47912AEEDBE00C6F2D5 /* db_link_header@2x.png in Resources */ = {isa = PBXBuildFile; fileRef = 9294B44D12AEEDBE00C6F2D5 /* db_link_header@2x.png */; };
		9294B47A12AEEDBE00C6F2D5 /* db_logo.png in Resources */ = {isa = PBXBuildFile; fileRef = 9294B44E12AEEDBE00C6F2D5 /* db_logo.png */; };
		9294B47B12AEEDBE00C6F2D5 /* db_logo@2x.png in Resources */ = {isa = PBXBuildFile; fileRef = 9294B44F12AEEDBE00C6F2D5 /* db_logo@2x.png */; };
		9294B47C12AEEDBE00C6F2D5 /* DBAccountInfo.m in Sources */ = {isa = PBXBuildFile; fileRef = 9294B3FB12AEEDBE00C6F2D5 /* DBAccountInfo.m */; };
		9294B47D12AEEDBE00C6F2D5 /* DBCreateAccountController.m in Sources */ = {isa = PBXBuildFile; fileRef = 9294B3FD12AEEDBE00C6F2D5 /* DBCreateAccountController.m */; };
		9294B47E12AEEDBE00C6F2D5 /* DBError.m in Sources */ = {isa = PBXBuildFile; fileRef = 9294B3FF12AEEDBE00C6F2D5 /* DBError.m */; };
		9294B47F12AEEDBE00C6F2D5 /* DBLoadingView.m in Sources */ = {isa = PBXBuildFile; fileRef = 9294B40112AEEDBE00C6F2D5 /* DBLoadingView.m */; };
		9294B48012AEEDBE00C6F2D5 /* DBLoginController.m in Sources */ = {isa = PBXBuildFile; fileRef = 9294B40312AEEDBE00C6F2D5 /* DBLoginController.m */; };
		9294B48112AEEDBE00C6F2D5 /* DBMetadata.m in Sources */ = {isa = PBXBuildFile; fileRef = 9294B40512AEEDBE00C6F2D5 /* DBMetadata.m */; };
		9294B48212AEEDBE00C6F2D5 /* DBQuota.m in Sources */ = {isa = PBXBuildFile; fileRef = 9294B40712AEEDBE00C6F2D5 /* DBQuota.m */; };
		9294B48312AEEDBE00C6F2D5 /* DBRequest.m in Sources */ = {isa = PBXBuildFile; fileRef = 9294B40912AEEDBE00C6F2D5 /* DBRequest.m */; };
		9294B48412AEEDBE00C6F2D5 /* DBRestClient.m in Sources */ = {isa = PBXBuildFile; fileRef = 9294B40B12AEEDBE00C6F2D5 /* DBRestClient.m */; };
		9294B48512AEEDBE00C6F2D5 /* DBSession.m in Sources */ = {isa = PBXBuildFile; fileRef = 9294B40D12AEEDBE00C6F2D5 /* DBSession.m */; };
		9294B48612AEEDBE00C6F2D5 /* NSObject+SBJSON.m in Sources */ = {isa = PBXBuildFile; fileRef = 9294B41212AEEDBE00C6F2D5 /* NSObject+SBJSON.m */; };
		9294B48712AEEDBE00C6F2D5 /* NSString+SBJSON.m in Sources */ = {isa = PBXBuildFile; fileRef = 9294B41412AEEDBE00C6F2D5 /* NSString+SBJSON.m */; };
		9294B48812AEEDBE00C6F2D5 /* SBJSON.m in Sources */ = {isa = PBXBuildFile; fileRef = 9294B41612AEEDBE00C6F2D5 /* SBJSON.m */; };
		9294B48912AEEDBE00C6F2D5 /* SBJsonBase.m in Sources */ = {isa = PBXBuildFile; fileRef = 9294B41812AEEDBE00C6F2D5 /* SBJsonBase.m */; };
		9294B48A12AEEDBE00C6F2D5 /* SBJsonParser.m in Sources */ = {isa = PBXBuildFile; fileRef = 9294B41A12AEEDBE00C6F2D5 /* SBJsonParser.m */; };
		9294B48B12AEEDBE00C6F2D5 /* SBJsonWriter.m in Sources */ = {isa = PBXBuildFile; fileRef = 9294B41C12AEEDBE00C6F2D5 /* SBJsonWriter.m */; };
		9294B48C12AEEDBE00C6F2D5 /* Base64Transcoder.c in Sources */ = {isa = PBXBuildFile; fileRef = 9294B41F12AEEDBE00C6F2D5 /* Base64Transcoder.c */; };
		9294B48D12AEEDBE00C6F2D5 /* MPOAuthAPI.m in Sources */ = {isa = PBXBuildFile; fileRef = 9294B42412AEEDBE00C6F2D5 /* MPOAuthAPI.m */; };
		9294B48E12AEEDBE00C6F2D5 /* MPOAuthAPIRequestLoader.m in Sources */ = {isa = PBXBuildFile; fileRef = 9294B42612AEEDBE00C6F2D5 /* MPOAuthAPIRequestLoader.m */; };
		9294B48F12AEEDBE00C6F2D5 /* MPOAuthAuthenticationMethod.m in Sources */ = {isa = PBXBuildFile; fileRef = 9294B42812AEEDBE00C6F2D5 /* MPOAuthAuthenticationMethod.m */; };
		9294B49012AEEDBE00C6F2D5 /* MPOAuthAuthenticationMethodOAuth.m in Sources */ = {isa = PBXBuildFile; fileRef = 9294B42A12AEEDBE00C6F2D5 /* MPOAuthAuthenticationMethodOAuth.m */; };
		9294B49112AEEDBE00C6F2D5 /* MPOAuthConnection.m in Sources */ = {isa = PBXBuildFile; fileRef = 9294B42C12AEEDBE00C6F2D5 /* MPOAuthConnection.m */; };
		9294B49212AEEDBE00C6F2D5 /* MPOAuthCredentiaIConcreteStore+KeychainAdditionsMac.m in Sources */ = {isa = PBXBuildFile; fileRef = 9294B42D12AEEDBE00C6F2D5 /* MPOAuthCredentiaIConcreteStore+KeychainAdditionsMac.m */; };
		9294B49312AEEDBE00C6F2D5 /* MPOAuthCredentialConcreteStore+KeychainAdditionsiPhone.m in Sources */ = {isa = PBXBuildFile; fileRef = 9294B42F12AEEDBE00C6F2D5 /* MPOAuthCredentialConcreteStore+KeychainAdditionsiPhone.m */; };
		9294B49412AEEDBE00C6F2D5 /* MPOAuthCredentialConcreteStore.m in Sources */ = {isa = PBXBuildFile; fileRef = 9294B43112AEEDBE00C6F2D5 /* MPOAuthCredentialConcreteStore.m */; };
		9294B49512AEEDBE00C6F2D5 /* MPOAuthSignatureParameter.m in Sources */ = {isa = PBXBuildFile; fileRef = 9294B43512AEEDBE00C6F2D5 /* MPOAuthSignatureParameter.m */; };
		9294B49612AEEDBE00C6F2D5 /* MPOAuthURLRequest.m in Sources */ = {isa = PBXBuildFile; fileRef = 9294B43712AEEDBE00C6F2D5 /* MPOAuthURLRequest.m */; };
		9294B49712AEEDBE00C6F2D5 /* MPOAuthURLResponse.m in Sources */ = {isa = PBXBuildFile; fileRef = 9294B43912AEEDBE00C6F2D5 /* MPOAuthURLResponse.m */; };
		9294B49812AEEDBE00C6F2D5 /* MPURLRequestParameter.m in Sources */ = {isa = PBXBuildFile; fileRef = 9294B43B12AEEDBE00C6F2D5 /* MPURLRequestParameter.m */; };
		9294B49912AEEDBE00C6F2D5 /* NSString+URLEscapingAdditions.m in Sources */ = {isa = PBXBuildFile; fileRef = 9294B43D12AEEDBE00C6F2D5 /* NSString+URLEscapingAdditions.m */; };
		9294B49A12AEEDBE00C6F2D5 /* NSURL+MPURLParameterAdditions.m in Sources */ = {isa = PBXBuildFile; fileRef = 9294B43F12AEEDBE00C6F2D5 /* NSURL+MPURLParameterAdditions.m */; };
		9294B49B12AEEDBE00C6F2D5 /* NSURLResponse+Encoding.m in Sources */ = {isa = PBXBuildFile; fileRef = 9294B44112AEEDBE00C6F2D5 /* NSURLResponse+Encoding.m */; };
		9294B49C12AEEDBE00C6F2D5 /* NSString+Dropbox.m in Sources */ = {isa = PBXBuildFile; fileRef = 9294B44312AEEDBE00C6F2D5 /* NSString+Dropbox.m */; };
		9294B49D12AEEDBE00C6F2D5 /* db_background.png in Resources */ = {isa = PBXBuildFile; fileRef = 9294B44512AEEDBE00C6F2D5 /* db_background.png */; };
		9294B49E12AEEDBE00C6F2D5 /* db_create_account.png in Resources */ = {isa = PBXBuildFile; fileRef = 9294B44612AEEDBE00C6F2D5 /* db_create_account.png */; };
		9294B49F12AEEDBE00C6F2D5 /* db_create_account@2x.png in Resources */ = {isa = PBXBuildFile; fileRef = 9294B44712AEEDBE00C6F2D5 /* db_create_account@2x.png */; };
		9294B4A012AEEDBE00C6F2D5 /* db_create_account_button.png in Resources */ = {isa = PBXBuildFile; fileRef = 9294B44812AEEDBE00C6F2D5 /* db_create_account_button.png */; };
		9294B4A112AEEDBE00C6F2D5 /* db_create_account_button_down.png in Resources */ = {isa = PBXBuildFile; fileRef = 9294B44912AEEDBE00C6F2D5 /* db_create_account_button_down.png */; };
		9294B4A212AEEDBE00C6F2D5 /* db_link_button.png in Resources */ = {isa = PBXBuildFile; fileRef = 9294B44A12AEEDBE00C6F2D5 /* db_link_button.png */; };
		9294B4A312AEEDBE00C6F2D5 /* db_link_button_down.png in Resources */ = {isa = PBXBuildFile; fileRef = 9294B44B12AEEDBE00C6F2D5 /* db_link_button_down.png */; };
		9294B4A412AEEDBE00C6F2D5 /* db_link_header.png in Resources */ = {isa = PBXBuildFile; fileRef = 9294B44C12AEEDBE00C6F2D5 /* db_link_header.png */; };
		9294B4A512AEEDBE00C6F2D5 /* db_link_header@2x.png in Resources */ = {isa = PBXBuildFile; fileRef = 9294B44D12AEEDBE00C6F2D5 /* db_link_header@2x.png */; };
		9294B4A612AEEDBE00C6F2D5 /* db_logo.png in Resources */ = {isa = PBXBuildFile; fileRef = 9294B44E12AEEDBE00C6F2D5 /* db_logo.png */; };
		9294B4A712AEEDBE00C6F2D5 /* db_logo@2x.png in Resources */ = {isa = PBXBuildFile; fileRef = 9294B44F12AEEDBE00C6F2D5 /* db_logo@2x.png */; };
		9294B4A912AEEDF500C6F2D5 /* Security.framework in Frameworks */ = {isa = PBXBuildFile; fileRef = 9294B4A812AEEDF500C6F2D5 /* Security.framework */; };
		9294B4E912AEF1D500C6F2D5 /* db_logo_button.png in Resources */ = {isa = PBXBuildFile; fileRef = 9294B4E812AEF1D500C6F2D5 /* db_logo_button.png */; };
		9294B4EA12AEF1D500C6F2D5 /* db_logo_button.png in Resources */ = {isa = PBXBuildFile; fileRef = 9294B4E812AEF1D500C6F2D5 /* db_logo_button.png */; };
		9294B4FC12AEF4F300C6F2D5 /* DropboxController.m in Sources */ = {isa = PBXBuildFile; fileRef = 9294B4FB12AEF4F300C6F2D5 /* DropboxController.m */; };
		9294B4FD12AEF4F300C6F2D5 /* DropboxController.m in Sources */ = {isa = PBXBuildFile; fileRef = 9294B4FB12AEF4F300C6F2D5 /* DropboxController.m */; };
		92B5487E1296F01A00072C8D /* MainWindow.xib in Resources */ = {isa = PBXBuildFile; fileRef = 28AD733E0D9D9553002E5188 /* MainWindow.xib */; };
		92B5489A1296F0F200072C8D /* Foundation.framework in Frameworks */ = {isa = PBXBuildFile; fileRef = 1D30AB110D05D00D00671497 /* Foundation.framework */; };
		92B5489D1296F10900072C8D /* UIKit.framework in Frameworks */ = {isa = PBXBuildFile; fileRef = 1DF5F4DF0D08C38300B7A737 /* UIKit.framework */; };
		92B5494B1296F13F00072C8D /* CoreGraphics.framework in Frameworks */ = {isa = PBXBuildFile; fileRef = 288765A40DF7441C002DB57D /* CoreGraphics.framework */; };
		92B5494C1296F13F00072C8D /* CoreData.framework in Frameworks */ = {isa = PBXBuildFile; fileRef = 28D801B30F44B63D00FB423F /* CoreData.framework */; };
		92B5494F1296F16400072C8D /* RootViewController.xib in Resources */ = {isa = PBXBuildFile; fileRef = 92CFB27A128D9DFB005CB1ED /* RootViewController.xib */; };
		92B549521296F17300072C8D /* RootViewController.m in Sources */ = {isa = PBXBuildFile; fileRef = 92CFB279128D9DFB005CB1ED /* RootViewController.m */; };
		92B549571296F1B500072C8D /* ElementManager.m in Sources */ = {isa = PBXBuildFile; fileRef = 40C219941291797F00559770 /* ElementManager.m */; };
		92B5495E1296F1CC00072C8D /* Element.m in Sources */ = {isa = PBXBuildFile; fileRef = 40C219911291796900559770 /* Element.m */; };
		92B5495F1296F1CD00072C8D /* AbstractManager.m in Sources */ = {isa = PBXBuildFile; fileRef = 40C219A012917CFB00559770 /* AbstractManager.m */; };
		92B549641296F1E400072C8D /* ThcAppDelegate.m in Sources */ = {isa = PBXBuildFile; fileRef = 1D3623250D0F684500981E51 /* ThcAppDelegate.m */; };
		92B549701296F22C00072C8D /* THCLabelWithElement.m in Sources */ = {isa = PBXBuildFile; fileRef = 40A918801291A2BF00BFCA83 /* THCLabelWithElement.m */; };
		92B549711296F22C00072C8D /* THCTextViewWithElement.m in Sources */ = {isa = PBXBuildFile; fileRef = 40A918A31291A52C00BFCA83 /* THCTextViewWithElement.m */; };
		92B549771296F26E00072C8D /* thc_ipad.xcdatamodel in Sources */ = {isa = PBXBuildFile; fileRef = 28C3AD890F43EF2300507BA6 /* thc_ipad.xcdatamodel */; };
		92CFB27B128D9DFB005CB1ED /* RootViewController.m in Sources */ = {isa = PBXBuildFile; fileRef = 92CFB279128D9DFB005CB1ED /* RootViewController.m */; };
		92CFB27C128D9DFB005CB1ED /* RootViewController.xib in Resources */ = {isa = PBXBuildFile; fileRef = 92CFB27A128D9DFB005CB1ED /* RootViewController.xib */; };
		92D8C1D012B40A0700731B1C /* Security.framework in Frameworks */ = {isa = PBXBuildFile; fileRef = 9294B4A812AEEDF500C6F2D5 /* Security.framework */; };
		92D8C1F912B40B4D00731B1C /* THCScrollView.m in Sources */ = {isa = PBXBuildFile; fileRef = 92D8C1F812B40B4D00731B1C /* THCScrollView.m */; };
		92D8C1FA12B40B4D00731B1C /* THCScrollView.m in Sources */ = {isa = PBXBuildFile; fileRef = 92D8C1F812B40B4D00731B1C /* THCScrollView.m */; };
/* End PBXBuildFile section */

/* Begin PBXFileReference section */
		1D30AB110D05D00D00671497 /* Foundation.framework */ = {isa = PBXFileReference; lastKnownFileType = wrapper.framework; name = Foundation.framework; path = System/Library/Frameworks/Foundation.framework; sourceTree = SDKROOT; };
		1D3623240D0F684500981E51 /* ThcAppDelegate.h */ = {isa = PBXFileReference; fileEncoding = 4; lastKnownFileType = sourcecode.c.h; path = ThcAppDelegate.h; sourceTree = "<group>"; };
		1D3623250D0F684500981E51 /* ThcAppDelegate.m */ = {isa = PBXFileReference; fileEncoding = 4; lastKnownFileType = sourcecode.c.objc; path = ThcAppDelegate.m; sourceTree = "<group>"; };
		1D6058910D05DD3D006BFB54 /* thc-Debug.app */ = {isa = PBXFileReference; explicitFileType = wrapper.application; includeInIndex = 0; path = "thc-Debug.app"; sourceTree = BUILT_PRODUCTS_DIR; };
		1DF5F4DF0D08C38300B7A737 /* UIKit.framework */ = {isa = PBXFileReference; lastKnownFileType = wrapper.framework; name = UIKit.framework; path = System/Library/Frameworks/UIKit.framework; sourceTree = SDKROOT; };
		288765A40DF7441C002DB57D /* CoreGraphics.framework */ = {isa = PBXFileReference; lastKnownFileType = wrapper.framework; name = CoreGraphics.framework; path = System/Library/Frameworks/CoreGraphics.framework; sourceTree = SDKROOT; };
		28AD733E0D9D9553002E5188 /* MainWindow.xib */ = {isa = PBXFileReference; lastKnownFileType = file.xib; path = MainWindow.xib; sourceTree = "<group>"; };
		28C3AD890F43EF2300507BA6 /* thc_ipad.xcdatamodel */ = {isa = PBXFileReference; fileEncoding = 4; lastKnownFileType = wrapper.xcdatamodel; path = thc_ipad.xcdatamodel; sourceTree = "<group>"; };
		28D801B30F44B63D00FB423F /* CoreData.framework */ = {isa = PBXFileReference; lastKnownFileType = wrapper.framework; name = CoreData.framework; path = System/Library/Frameworks/CoreData.framework; sourceTree = SDKROOT; };
		29B97316FDCFA39411CA2CEA /* main.m */ = {isa = PBXFileReference; fileEncoding = 4; lastKnownFileType = sourcecode.c.objc; path = main.m; sourceTree = "<group>"; };
		32CA4F630368D1EE00C91783 /* thc_ipad_Prefix.pch */ = {isa = PBXFileReference; fileEncoding = 4; lastKnownFileType = sourcecode.c.h; path = thc_ipad_Prefix.pch; sourceTree = "<group>"; };
		40023D7312B6583C000870CD /* THCLabelWithElementTest.m */ = {isa = PBXFileReference; fileEncoding = 4; lastKnownFileType = sourcecode.c.objc; path = THCLabelWithElementTest.m; sourceTree = "<group>"; };
		40023D7F12B65C2D000870CD /* ElementMock.h */ = {isa = PBXFileReference; fileEncoding = 4; lastKnownFileType = sourcecode.c.h; path = ElementMock.h; sourceTree = "<group>"; };
		40023D8012B65C2D000870CD /* ElementMock.m */ = {isa = PBXFileReference; fileEncoding = 4; lastKnownFileType = sourcecode.c.objc; path = ElementMock.m; sourceTree = "<group>"; };
		40023D8212B65C64000870CD /* ElementInterface.h */ = {isa = PBXFileReference; fileEncoding = 4; lastKnownFileType = sourcecode.c.h; path = ElementInterface.h; sourceTree = "<group>"; };
		40023DDC12B660AC000870CD /* Utils.m */ = {isa = PBXFileReference; fileEncoding = 4; lastKnownFileType = sourcecode.c.objc; path = Utils.m; sourceTree = "<group>"; };
		40023DDD12B660AC000870CD /* Utils.h */ = {isa = PBXFileReference; fileEncoding = 4; lastKnownFileType = sourcecode.c.h; path = Utils.h; sourceTree = "<group>"; };
		40023DDE12B660AC000870CD /* THCFonts.m */ = {isa = PBXFileReference; fileEncoding = 4; lastKnownFileType = sourcecode.c.objc; path = THCFonts.m; sourceTree = "<group>"; };
		40023DDF12B660AC000870CD /* THCFonts.h */ = {isa = PBXFileReference; fileEncoding = 4; lastKnownFileType = sourcecode.c.h; path = THCFonts.h; sourceTree = "<group>"; };
		40023DE012B660AC000870CD /* THCColors.m */ = {isa = PBXFileReference; fileEncoding = 4; lastKnownFileType = sourcecode.c.objc; path = THCColors.m; sourceTree = "<group>"; };
		40023DE112B660AC000870CD /* THCColors.h */ = {isa = PBXFileReference; fileEncoding = 4; lastKnownFileType = sourcecode.c.h; path = THCColors.h; sourceTree = "<group>"; };
		402D370212ABAE1100010C4A /* AbstractManagerTest.m */ = {isa = PBXFileReference; fileEncoding = 4; lastKnownFileType = sourcecode.c.objc; name = AbstractManagerTest.m; path = Classes/AbstractManagerTest.m; sourceTree = "<group>"; };
		402D37D112ABB58E00010C4A /* GTMDefines.h */ = {isa = PBXFileReference; fileEncoding = 4; lastKnownFileType = sourcecode.c.h; path = GTMDefines.h; sourceTree = "<group>"; };
		402D37D212ABB58E00010C4A /* GTMIPhoneUnitTestDelegate.h */ = {isa = PBXFileReference; fileEncoding = 4; lastKnownFileType = sourcecode.c.h; path = GTMIPhoneUnitTestDelegate.h; sourceTree = "<group>"; };
		402D37D312ABB58E00010C4A /* GTMIPhoneUnitTestDelegate.m */ = {isa = PBXFileReference; fileEncoding = 4; lastKnownFileType = sourcecode.c.objc; path = GTMIPhoneUnitTestDelegate.m; sourceTree = "<group>"; };
		402D37D412ABB58E00010C4A /* GTMIPhoneUnitTestMain.m */ = {isa = PBXFileReference; fileEncoding = 4; lastKnownFileType = sourcecode.c.objc; path = GTMIPhoneUnitTestMain.m; sourceTree = "<group>"; };
		402D37D512ABB58E00010C4A /* GTMObjC2Runtime.h */ = {isa = PBXFileReference; fileEncoding = 4; lastKnownFileType = sourcecode.c.h; path = GTMObjC2Runtime.h; sourceTree = "<group>"; };
		402D37D612ABB58E00010C4A /* GTMObjC2Runtime.m */ = {isa = PBXFileReference; fileEncoding = 4; lastKnownFileType = sourcecode.c.objc; path = GTMObjC2Runtime.m; sourceTree = "<group>"; };
		402D37D712ABB58E00010C4A /* GTMRegex.h */ = {isa = PBXFileReference; fileEncoding = 4; lastKnownFileType = sourcecode.c.h; path = GTMRegex.h; sourceTree = "<group>"; };
		402D37D812ABB58E00010C4A /* GTMRegex.m */ = {isa = PBXFileReference; fileEncoding = 4; lastKnownFileType = sourcecode.c.objc; path = GTMRegex.m; sourceTree = "<group>"; };
		402D37D912ABB58E00010C4A /* GTMSenTestCase.h */ = {isa = PBXFileReference; fileEncoding = 4; lastKnownFileType = sourcecode.c.h; path = GTMSenTestCase.h; sourceTree = "<group>"; };
		402D37DA12ABB58E00010C4A /* GTMSenTestCase.m */ = {isa = PBXFileReference; fileEncoding = 4; lastKnownFileType = sourcecode.c.objc; path = GTMSenTestCase.m; sourceTree = "<group>"; };
		402D37DB12ABB58E00010C4A /* GTMUnitTestDevLog.h */ = {isa = PBXFileReference; fileEncoding = 4; lastKnownFileType = sourcecode.c.h; path = GTMUnitTestDevLog.h; sourceTree = "<group>"; };
		402D37DC12ABB58E00010C4A /* GTMUnitTestDevLog.m */ = {isa = PBXFileReference; fileEncoding = 4; lastKnownFileType = sourcecode.c.objc; path = GTMUnitTestDevLog.m; sourceTree = "<group>"; };
		402D37DD12ABB58E00010C4A /* RunIPhoneUnitTest.sh */ = {isa = PBXFileReference; fileEncoding = 4; lastKnownFileType = text.script.sh; path = RunIPhoneUnitTest.sh; sourceTree = "<group>"; };
		402D37E012ABB58E00010C4A /* NSNotificationCenter+OCMAdditions.h */ = {isa = PBXFileReference; fileEncoding = 4; lastKnownFileType = sourcecode.c.h; path = "NSNotificationCenter+OCMAdditions.h"; sourceTree = "<group>"; };
		402D37E112ABB58E00010C4A /* OCMArg.h */ = {isa = PBXFileReference; fileEncoding = 4; lastKnownFileType = sourcecode.c.h; path = OCMArg.h; sourceTree = "<group>"; };
		402D37E212ABB58E00010C4A /* OCMConstraint.h */ = {isa = PBXFileReference; fileEncoding = 4; lastKnownFileType = sourcecode.c.h; path = OCMConstraint.h; sourceTree = "<group>"; };
		402D37E312ABB58E00010C4A /* OCMock.h */ = {isa = PBXFileReference; fileEncoding = 4; lastKnownFileType = sourcecode.c.h; path = OCMock.h; sourceTree = "<group>"; };
		402D37E412ABB58E00010C4A /* OCMockObject.h */ = {isa = PBXFileReference; fileEncoding = 4; lastKnownFileType = sourcecode.c.h; path = OCMockObject.h; sourceTree = "<group>"; };
		402D37E512ABB58E00010C4A /* OCMockRecorder.h */ = {isa = PBXFileReference; fileEncoding = 4; lastKnownFileType = sourcecode.c.h; path = OCMockRecorder.h; sourceTree = "<group>"; };
		402D37E612ABB58E00010C4A /* libOCMock.a */ = {isa = PBXFileReference; lastKnownFileType = archive.ar; path = libOCMock.a; sourceTree = "<group>"; };
		403107C712A8504500BECD2E /* THCUIComponentsUtils.h */ = {isa = PBXFileReference; fileEncoding = 4; lastKnownFileType = sourcecode.c.h; path = THCUIComponentsUtils.h; sourceTree = "<group>"; };
		403107C812A8504500BECD2E /* THCUIComponentsUtils.m */ = {isa = PBXFileReference; fileEncoding = 4; lastKnownFileType = sourcecode.c.objc; path = THCUIComponentsUtils.m; sourceTree = "<group>"; };
		40A9187F1291A2BF00BFCA83 /* THCLabelWithElement.h */ = {isa = PBXFileReference; fileEncoding = 4; lastKnownFileType = sourcecode.c.h; path = THCLabelWithElement.h; sourceTree = "<group>"; };
		40A918801291A2BF00BFCA83 /* THCLabelWithElement.m */ = {isa = PBXFileReference; fileEncoding = 4; lastKnownFileType = sourcecode.c.objc; path = THCLabelWithElement.m; sourceTree = "<group>"; };
		40A918A21291A52C00BFCA83 /* THCTextViewWithElement.h */ = {isa = PBXFileReference; fileEncoding = 4; lastKnownFileType = sourcecode.c.h; path = THCTextViewWithElement.h; sourceTree = "<group>"; };
		40A918A31291A52C00BFCA83 /* THCTextViewWithElement.m */ = {isa = PBXFileReference; fileEncoding = 4; lastKnownFileType = sourcecode.c.objc; path = THCTextViewWithElement.m; sourceTree = "<group>"; };
		40A91992129270D600BFCA83 /* THCUIComponentWithElementProtocol.h */ = {isa = PBXFileReference; fileEncoding = 4; lastKnownFileType = sourcecode.c.h; path = THCUIComponentWithElementProtocol.h; sourceTree = "<group>"; };
		40BB26B8129EB31700E0C916 /* THCUIComponentAbstract.h */ = {isa = PBXFileReference; fileEncoding = 4; lastKnownFileType = sourcecode.c.h; path = THCUIComponentAbstract.h; sourceTree = "<group>"; };
		40BB26B9129EB31700E0C916 /* THCUIComponentAbstract.m */ = {isa = PBXFileReference; fileEncoding = 4; lastKnownFileType = sourcecode.c.objc; path = THCUIComponentAbstract.m; sourceTree = "<group>"; };
		40C219901291796900559770 /* Element.h */ = {isa = PBXFileReference; fileEncoding = 4; lastKnownFileType = sourcecode.c.h; path = Element.h; sourceTree = "<group>"; };
		40C219911291796900559770 /* Element.m */ = {isa = PBXFileReference; fileEncoding = 4; lastKnownFileType = sourcecode.c.objc; path = Element.m; sourceTree = "<group>"; };
		40C219931291797F00559770 /* ElementManager.h */ = {isa = PBXFileReference; fileEncoding = 4; lastKnownFileType = sourcecode.c.h; path = ElementManager.h; sourceTree = "<group>"; };
		40C219941291797F00559770 /* ElementManager.m */ = {isa = PBXFileReference; fileEncoding = 4; lastKnownFileType = sourcecode.c.objc; path = ElementManager.m; sourceTree = "<group>"; };
		40C2199F12917CFB00559770 /* AbstractManager.h */ = {isa = PBXFileReference; fileEncoding = 4; lastKnownFileType = sourcecode.c.h; path = AbstractManager.h; sourceTree = "<group>"; };
		40C219A012917CFB00559770 /* AbstractManager.m */ = {isa = PBXFileReference; fileEncoding = 4; lastKnownFileType = sourcecode.c.objc; path = AbstractManager.m; sourceTree = "<group>"; };
		40D01BA9129C7BCC0027E31D /* THCUITodoView.h */ = {isa = PBXFileReference; fileEncoding = 4; lastKnownFileType = sourcecode.c.h; path = THCUITodoView.h; sourceTree = "<group>"; };
		40D01BAA129C7BCC0027E31D /* THCUITodoView.m */ = {isa = PBXFileReference; fileEncoding = 4; lastKnownFileType = sourcecode.c.objc; path = THCUITodoView.m; sourceTree = "<group>"; };
		40FE062912B66BB5007FAECC /* THCTextViewWithElementTest.m */ = {isa = PBXFileReference; fileEncoding = 4; lastKnownFileType = sourcecode.c.objc; path = THCTextViewWithElementTest.m; sourceTree = "<group>"; };
		40FE064112B67381007FAECC /* THCUIComponentsTestUtils.h */ = {isa = PBXFileReference; fileEncoding = 4; lastKnownFileType = sourcecode.c.h; path = THCUIComponentsTestUtils.h; sourceTree = "<group>"; };
		40FE064212B67381007FAECC /* THCUIComponentsTestUtils.m */ = {isa = PBXFileReference; fileEncoding = 4; lastKnownFileType = sourcecode.c.objc; path = THCUIComponentsTestUtils.m; sourceTree = "<group>"; };
		40FE06C312B6AC09007FAECC /* RootViewControllerTest.m */ = {isa = PBXFileReference; fileEncoding = 4; lastKnownFileType = sourcecode.c.objc; path = RootViewControllerTest.m; sourceTree = "<group>"; };
		40FE082712B75730007FAECC /* THCScrollViewTest.m */ = {isa = PBXFileReference; fileEncoding = 4; lastKnownFileType = sourcecode.c.objc; path = THCScrollViewTest.m; sourceTree = "<group>"; };
		40FE093F12B78C12007FAECC /* THCUIImage.h */ = {isa = PBXFileReference; fileEncoding = 4; lastKnownFileType = sourcecode.c.h; path = THCUIImage.h; sourceTree = "<group>"; };
		40FE094012B78C12007FAECC /* THCUIImage.m */ = {isa = PBXFileReference; fileEncoding = 4; lastKnownFileType = sourcecode.c.objc; path = THCUIImage.m; sourceTree = "<group>"; };
		40FE094412B78D4A007FAECC /* vanger.JPG */ = {isa = PBXFileReference; lastKnownFileType = image.jpeg; path = vanger.JPG; sourceTree = "<group>"; };
		40FE094812B78D87007FAECC /* THCImageTest.m */ = {isa = PBXFileReference; fileEncoding = 4; lastKnownFileType = sourcecode.c.objc; path = THCImageTest.m; sourceTree = "<group>"; };
		8D1107310486CEB800E47090 /* thc_ipad-Info.plist */ = {isa = PBXFileReference; fileEncoding = 4; lastKnownFileType = text.plist.xml; path = "thc_ipad-Info.plist"; plistStructureDefinitionIdentifier = "com.apple.xcode.plist.structure-definition.iphone.info-plist"; sourceTree = "<group>"; };
		927B74B7129163260083088C /* Utils.h */ = {isa = PBXFileReference; fileEncoding = 4; lastKnownFileType = sourcecode.c.h; name = Utils.h; path = "/Users/wolfenberg/Desktop/thc-ipad/Classes/Utils.h"; sourceTree = "<absolute>"; };
		927B74B8129163260083088C /* Utils.m */ = {isa = PBXFileReference; fileEncoding = 4; lastKnownFileType = sourcecode.c.objc; name = Utils.m; path = "/Users/wolfenberg/Desktop/thc-ipad/Classes/Utils.m"; sourceTree = "<absolute>"; };
		9286582E12901AD90082DB64 /* THCColors.h */ = {isa = PBXFileReference; fileEncoding = 4; lastKnownFileType = sourcecode.c.h; name = THCColors.h; path = "/Users/wolfenberg/Desktop/thc-ipad/Classes/THCColors.h"; sourceTree = "<absolute>"; };
		9286582F12901AD90082DB64 /* THCColors.m */ = {isa = PBXFileReference; fileEncoding = 4; lastKnownFileType = sourcecode.c.objc; name = THCColors.m; path = "/Users/wolfenberg/Desktop/thc-ipad/Classes/THCColors.m"; sourceTree = "<absolute>"; };
		9286587012901F420082DB64 /* THCFonts.h */ = {isa = PBXFileReference; fileEncoding = 4; lastKnownFileType = sourcecode.c.h; name = THCFonts.h; path = "/Users/wolfenberg/Desktop/thc-ipad/Classes/THCFonts.h"; sourceTree = "<absolute>"; };
		9286587112901F420082DB64 /* THCFonts.m */ = {isa = PBXFileReference; fileEncoding = 4; lastKnownFileType = sourcecode.c.objc; name = THCFonts.m; path = "/Users/wolfenberg/Desktop/thc-ipad/Classes/THCFonts.m"; sourceTree = "<absolute>"; };
		9294B3FA12AEEDBE00C6F2D5 /* DBAccountInfo.h */ = {isa = PBXFileReference; fileEncoding = 4; lastKnownFileType = sourcecode.c.h; path = DBAccountInfo.h; sourceTree = "<group>"; };
		9294B3FB12AEEDBE00C6F2D5 /* DBAccountInfo.m */ = {isa = PBXFileReference; fileEncoding = 4; lastKnownFileType = sourcecode.c.objc; path = DBAccountInfo.m; sourceTree = "<group>"; };
		9294B3FC12AEEDBE00C6F2D5 /* DBCreateAccountController.h */ = {isa = PBXFileReference; fileEncoding = 4; lastKnownFileType = sourcecode.c.h; path = DBCreateAccountController.h; sourceTree = "<group>"; };
		9294B3FD12AEEDBE00C6F2D5 /* DBCreateAccountController.m */ = {isa = PBXFileReference; fileEncoding = 4; lastKnownFileType = sourcecode.c.objc; path = DBCreateAccountController.m; sourceTree = "<group>"; };
		9294B3FE12AEEDBE00C6F2D5 /* DBError.h */ = {isa = PBXFileReference; fileEncoding = 4; lastKnownFileType = sourcecode.c.h; path = DBError.h; sourceTree = "<group>"; };
		9294B3FF12AEEDBE00C6F2D5 /* DBError.m */ = {isa = PBXFileReference; fileEncoding = 4; lastKnownFileType = sourcecode.c.objc; path = DBError.m; sourceTree = "<group>"; };
		9294B40012AEEDBE00C6F2D5 /* DBLoadingView.h */ = {isa = PBXFileReference; fileEncoding = 4; lastKnownFileType = sourcecode.c.h; path = DBLoadingView.h; sourceTree = "<group>"; };
		9294B40112AEEDBE00C6F2D5 /* DBLoadingView.m */ = {isa = PBXFileReference; fileEncoding = 4; lastKnownFileType = sourcecode.c.objc; path = DBLoadingView.m; sourceTree = "<group>"; };
		9294B40212AEEDBE00C6F2D5 /* DBLoginController.h */ = {isa = PBXFileReference; fileEncoding = 4; lastKnownFileType = sourcecode.c.h; path = DBLoginController.h; sourceTree = "<group>"; };
		9294B40312AEEDBE00C6F2D5 /* DBLoginController.m */ = {isa = PBXFileReference; fileEncoding = 4; lastKnownFileType = sourcecode.c.objc; path = DBLoginController.m; sourceTree = "<group>"; };
		9294B40412AEEDBE00C6F2D5 /* DBMetadata.h */ = {isa = PBXFileReference; fileEncoding = 4; lastKnownFileType = sourcecode.c.h; path = DBMetadata.h; sourceTree = "<group>"; };
		9294B40512AEEDBE00C6F2D5 /* DBMetadata.m */ = {isa = PBXFileReference; fileEncoding = 4; lastKnownFileType = sourcecode.c.objc; path = DBMetadata.m; sourceTree = "<group>"; };
		9294B40612AEEDBE00C6F2D5 /* DBQuota.h */ = {isa = PBXFileReference; fileEncoding = 4; lastKnownFileType = sourcecode.c.h; path = DBQuota.h; sourceTree = "<group>"; };
		9294B40712AEEDBE00C6F2D5 /* DBQuota.m */ = {isa = PBXFileReference; fileEncoding = 4; lastKnownFileType = sourcecode.c.objc; path = DBQuota.m; sourceTree = "<group>"; };
		9294B40812AEEDBE00C6F2D5 /* DBRequest.h */ = {isa = PBXFileReference; fileEncoding = 4; lastKnownFileType = sourcecode.c.h; path = DBRequest.h; sourceTree = "<group>"; };
		9294B40912AEEDBE00C6F2D5 /* DBRequest.m */ = {isa = PBXFileReference; fileEncoding = 4; lastKnownFileType = sourcecode.c.objc; path = DBRequest.m; sourceTree = "<group>"; };
		9294B40A12AEEDBE00C6F2D5 /* DBRestClient.h */ = {isa = PBXFileReference; fileEncoding = 4; lastKnownFileType = sourcecode.c.h; path = DBRestClient.h; sourceTree = "<group>"; };
		9294B40B12AEEDBE00C6F2D5 /* DBRestClient.m */ = {isa = PBXFileReference; fileEncoding = 4; lastKnownFileType = sourcecode.c.objc; path = DBRestClient.m; sourceTree = "<group>"; };
		9294B40C12AEEDBE00C6F2D5 /* DBSession.h */ = {isa = PBXFileReference; fileEncoding = 4; lastKnownFileType = sourcecode.c.h; path = DBSession.h; sourceTree = "<group>"; };
		9294B40D12AEEDBE00C6F2D5 /* DBSession.m */ = {isa = PBXFileReference; fileEncoding = 4; lastKnownFileType = sourcecode.c.objc; path = DBSession.m; sourceTree = "<group>"; };
		9294B40E12AEEDBE00C6F2D5 /* DropboxSDK.h */ = {isa = PBXFileReference; fileEncoding = 4; lastKnownFileType = sourcecode.c.h; path = DropboxSDK.h; sourceTree = "<group>"; };
		9294B41012AEEDBE00C6F2D5 /* JSON.h */ = {isa = PBXFileReference; fileEncoding = 4; lastKnownFileType = sourcecode.c.h; path = JSON.h; sourceTree = "<group>"; };
		9294B41112AEEDBE00C6F2D5 /* NSObject+SBJSON.h */ = {isa = PBXFileReference; fileEncoding = 4; lastKnownFileType = sourcecode.c.h; path = "NSObject+SBJSON.h"; sourceTree = "<group>"; };
		9294B41212AEEDBE00C6F2D5 /* NSObject+SBJSON.m */ = {isa = PBXFileReference; fileEncoding = 4; lastKnownFileType = sourcecode.c.objc; path = "NSObject+SBJSON.m"; sourceTree = "<group>"; };
		9294B41312AEEDBE00C6F2D5 /* NSString+SBJSON.h */ = {isa = PBXFileReference; fileEncoding = 4; lastKnownFileType = sourcecode.c.h; path = "NSString+SBJSON.h"; sourceTree = "<group>"; };
		9294B41412AEEDBE00C6F2D5 /* NSString+SBJSON.m */ = {isa = PBXFileReference; fileEncoding = 4; lastKnownFileType = sourcecode.c.objc; path = "NSString+SBJSON.m"; sourceTree = "<group>"; };
		9294B41512AEEDBE00C6F2D5 /* SBJSON.h */ = {isa = PBXFileReference; fileEncoding = 4; lastKnownFileType = sourcecode.c.h; path = SBJSON.h; sourceTree = "<group>"; };
		9294B41612AEEDBE00C6F2D5 /* SBJSON.m */ = {isa = PBXFileReference; fileEncoding = 4; lastKnownFileType = sourcecode.c.objc; path = SBJSON.m; sourceTree = "<group>"; };
		9294B41712AEEDBE00C6F2D5 /* SBJsonBase.h */ = {isa = PBXFileReference; fileEncoding = 4; lastKnownFileType = sourcecode.c.h; path = SBJsonBase.h; sourceTree = "<group>"; };
		9294B41812AEEDBE00C6F2D5 /* SBJsonBase.m */ = {isa = PBXFileReference; fileEncoding = 4; lastKnownFileType = sourcecode.c.objc; path = SBJsonBase.m; sourceTree = "<group>"; };
		9294B41912AEEDBE00C6F2D5 /* SBJsonParser.h */ = {isa = PBXFileReference; fileEncoding = 4; lastKnownFileType = sourcecode.c.h; path = SBJsonParser.h; sourceTree = "<group>"; };
		9294B41A12AEEDBE00C6F2D5 /* SBJsonParser.m */ = {isa = PBXFileReference; fileEncoding = 4; lastKnownFileType = sourcecode.c.objc; path = SBJsonParser.m; sourceTree = "<group>"; };
		9294B41B12AEEDBE00C6F2D5 /* SBJsonWriter.h */ = {isa = PBXFileReference; fileEncoding = 4; lastKnownFileType = sourcecode.c.h; path = SBJsonWriter.h; sourceTree = "<group>"; };
		9294B41C12AEEDBE00C6F2D5 /* SBJsonWriter.m */ = {isa = PBXFileReference; fileEncoding = 4; lastKnownFileType = sourcecode.c.objc; path = SBJsonWriter.m; sourceTree = "<group>"; };
		9294B41F12AEEDBE00C6F2D5 /* Base64Transcoder.c */ = {isa = PBXFileReference; fileEncoding = 4; lastKnownFileType = sourcecode.c.c; path = Base64Transcoder.c; sourceTree = "<group>"; };
		9294B42012AEEDBE00C6F2D5 /* Base64Transcoder.h */ = {isa = PBXFileReference; fileEncoding = 4; lastKnownFileType = sourcecode.c.h; path = Base64Transcoder.h; sourceTree = "<group>"; };
		9294B42112AEEDBE00C6F2D5 /* MPDebug.h */ = {isa = PBXFileReference; fileEncoding = 4; lastKnownFileType = sourcecode.c.h; path = MPDebug.h; sourceTree = "<group>"; };
		9294B42212AEEDBE00C6F2D5 /* MPOAuth.h */ = {isa = PBXFileReference; fileEncoding = 4; lastKnownFileType = sourcecode.c.h; path = MPOAuth.h; sourceTree = "<group>"; };
		9294B42312AEEDBE00C6F2D5 /* MPOAuthAPI.h */ = {isa = PBXFileReference; fileEncoding = 4; lastKnownFileType = sourcecode.c.h; path = MPOAuthAPI.h; sourceTree = "<group>"; };
		9294B42412AEEDBE00C6F2D5 /* MPOAuthAPI.m */ = {isa = PBXFileReference; fileEncoding = 4; lastKnownFileType = sourcecode.c.objc; path = MPOAuthAPI.m; sourceTree = "<group>"; };
		9294B42512AEEDBE00C6F2D5 /* MPOAuthAPIRequestLoader.h */ = {isa = PBXFileReference; fileEncoding = 4; lastKnownFileType = sourcecode.c.h; path = MPOAuthAPIRequestLoader.h; sourceTree = "<group>"; };
		9294B42612AEEDBE00C6F2D5 /* MPOAuthAPIRequestLoader.m */ = {isa = PBXFileReference; fileEncoding = 4; lastKnownFileType = sourcecode.c.objc; path = MPOAuthAPIRequestLoader.m; sourceTree = "<group>"; };
		9294B42712AEEDBE00C6F2D5 /* MPOAuthAuthenticationMethod.h */ = {isa = PBXFileReference; fileEncoding = 4; lastKnownFileType = sourcecode.c.h; path = MPOAuthAuthenticationMethod.h; sourceTree = "<group>"; };
		9294B42812AEEDBE00C6F2D5 /* MPOAuthAuthenticationMethod.m */ = {isa = PBXFileReference; fileEncoding = 4; lastKnownFileType = sourcecode.c.objc; path = MPOAuthAuthenticationMethod.m; sourceTree = "<group>"; };
		9294B42912AEEDBE00C6F2D5 /* MPOAuthAuthenticationMethodOAuth.h */ = {isa = PBXFileReference; fileEncoding = 4; lastKnownFileType = sourcecode.c.h; path = MPOAuthAuthenticationMethodOAuth.h; sourceTree = "<group>"; };
		9294B42A12AEEDBE00C6F2D5 /* MPOAuthAuthenticationMethodOAuth.m */ = {isa = PBXFileReference; fileEncoding = 4; lastKnownFileType = sourcecode.c.objc; path = MPOAuthAuthenticationMethodOAuth.m; sourceTree = "<group>"; };
		9294B42B12AEEDBE00C6F2D5 /* MPOAuthConnection.h */ = {isa = PBXFileReference; fileEncoding = 4; lastKnownFileType = sourcecode.c.h; path = MPOAuthConnection.h; sourceTree = "<group>"; };
		9294B42C12AEEDBE00C6F2D5 /* MPOAuthConnection.m */ = {isa = PBXFileReference; fileEncoding = 4; lastKnownFileType = sourcecode.c.objc; path = MPOAuthConnection.m; sourceTree = "<group>"; };
		9294B42D12AEEDBE00C6F2D5 /* MPOAuthCredentiaIConcreteStore+KeychainAdditionsMac.m */ = {isa = PBXFileReference; fileEncoding = 4; lastKnownFileType = sourcecode.c.objc; path = "MPOAuthCredentiaIConcreteStore+KeychainAdditionsMac.m"; sourceTree = "<group>"; };
		9294B42E12AEEDBE00C6F2D5 /* MPOAuthCredentialConcreteStore+KeychainAdditions.h */ = {isa = PBXFileReference; fileEncoding = 4; lastKnownFileType = sourcecode.c.h; path = "MPOAuthCredentialConcreteStore+KeychainAdditions.h"; sourceTree = "<group>"; };
		9294B42F12AEEDBE00C6F2D5 /* MPOAuthCredentialConcreteStore+KeychainAdditionsiPhone.m */ = {isa = PBXFileReference; fileEncoding = 4; lastKnownFileType = sourcecode.c.objc; path = "MPOAuthCredentialConcreteStore+KeychainAdditionsiPhone.m"; sourceTree = "<group>"; };
		9294B43012AEEDBE00C6F2D5 /* MPOAuthCredentialConcreteStore.h */ = {isa = PBXFileReference; fileEncoding = 4; lastKnownFileType = sourcecode.c.h; path = MPOAuthCredentialConcreteStore.h; sourceTree = "<group>"; };
		9294B43112AEEDBE00C6F2D5 /* MPOAuthCredentialConcreteStore.m */ = {isa = PBXFileReference; fileEncoding = 4; lastKnownFileType = sourcecode.c.objc; path = MPOAuthCredentialConcreteStore.m; sourceTree = "<group>"; };
		9294B43212AEEDBE00C6F2D5 /* MPOAuthCredentialStore.h */ = {isa = PBXFileReference; fileEncoding = 4; lastKnownFileType = sourcecode.c.h; path = MPOAuthCredentialStore.h; sourceTree = "<group>"; };
		9294B43312AEEDBE00C6F2D5 /* MPOAuthParameterFactory.h */ = {isa = PBXFileReference; fileEncoding = 4; lastKnownFileType = sourcecode.c.h; path = MPOAuthParameterFactory.h; sourceTree = "<group>"; };
		9294B43412AEEDBE00C6F2D5 /* MPOAuthSignatureParameter.h */ = {isa = PBXFileReference; fileEncoding = 4; lastKnownFileType = sourcecode.c.h; path = MPOAuthSignatureParameter.h; sourceTree = "<group>"; };
		9294B43512AEEDBE00C6F2D5 /* MPOAuthSignatureParameter.m */ = {isa = PBXFileReference; fileEncoding = 4; lastKnownFileType = sourcecode.c.objc; path = MPOAuthSignatureParameter.m; sourceTree = "<group>"; };
		9294B43612AEEDBE00C6F2D5 /* MPOAuthURLRequest.h */ = {isa = PBXFileReference; fileEncoding = 4; lastKnownFileType = sourcecode.c.h; path = MPOAuthURLRequest.h; sourceTree = "<group>"; };
		9294B43712AEEDBE00C6F2D5 /* MPOAuthURLRequest.m */ = {isa = PBXFileReference; fileEncoding = 4; lastKnownFileType = sourcecode.c.objc; path = MPOAuthURLRequest.m; sourceTree = "<group>"; };
		9294B43812AEEDBE00C6F2D5 /* MPOAuthURLResponse.h */ = {isa = PBXFileReference; fileEncoding = 4; lastKnownFileType = sourcecode.c.h; path = MPOAuthURLResponse.h; sourceTree = "<group>"; };
		9294B43912AEEDBE00C6F2D5 /* MPOAuthURLResponse.m */ = {isa = PBXFileReference; fileEncoding = 4; lastKnownFileType = sourcecode.c.objc; path = MPOAuthURLResponse.m; sourceTree = "<group>"; };
		9294B43A12AEEDBE00C6F2D5 /* MPURLRequestParameter.h */ = {isa = PBXFileReference; fileEncoding = 4; lastKnownFileType = sourcecode.c.h; path = MPURLRequestParameter.h; sourceTree = "<group>"; };
		9294B43B12AEEDBE00C6F2D5 /* MPURLRequestParameter.m */ = {isa = PBXFileReference; fileEncoding = 4; lastKnownFileType = sourcecode.c.objc; path = MPURLRequestParameter.m; sourceTree = "<group>"; };
		9294B43C12AEEDBE00C6F2D5 /* NSString+URLEscapingAdditions.h */ = {isa = PBXFileReference; fileEncoding = 4; lastKnownFileType = sourcecode.c.h; path = "NSString+URLEscapingAdditions.h"; sourceTree = "<group>"; };
		9294B43D12AEEDBE00C6F2D5 /* NSString+URLEscapingAdditions.m */ = {isa = PBXFileReference; fileEncoding = 4; lastKnownFileType = sourcecode.c.objc; path = "NSString+URLEscapingAdditions.m"; sourceTree = "<group>"; };
		9294B43E12AEEDBE00C6F2D5 /* NSURL+MPURLParameterAdditions.h */ = {isa = PBXFileReference; fileEncoding = 4; lastKnownFileType = sourcecode.c.h; path = "NSURL+MPURLParameterAdditions.h"; sourceTree = "<group>"; };
		9294B43F12AEEDBE00C6F2D5 /* NSURL+MPURLParameterAdditions.m */ = {isa = PBXFileReference; fileEncoding = 4; lastKnownFileType = sourcecode.c.objc; path = "NSURL+MPURLParameterAdditions.m"; sourceTree = "<group>"; };
		9294B44012AEEDBE00C6F2D5 /* NSURLResponse+Encoding.h */ = {isa = PBXFileReference; fileEncoding = 4; lastKnownFileType = sourcecode.c.h; path = "NSURLResponse+Encoding.h"; sourceTree = "<group>"; };
		9294B44112AEEDBE00C6F2D5 /* NSURLResponse+Encoding.m */ = {isa = PBXFileReference; fileEncoding = 4; lastKnownFileType = sourcecode.c.objc; path = "NSURLResponse+Encoding.m"; sourceTree = "<group>"; };
		9294B44212AEEDBE00C6F2D5 /* NSString+Dropbox.h */ = {isa = PBXFileReference; fileEncoding = 4; lastKnownFileType = sourcecode.c.h; path = "NSString+Dropbox.h"; sourceTree = "<group>"; };
		9294B44312AEEDBE00C6F2D5 /* NSString+Dropbox.m */ = {isa = PBXFileReference; fileEncoding = 4; lastKnownFileType = sourcecode.c.objc; path = "NSString+Dropbox.m"; sourceTree = "<group>"; };
		9294B44512AEEDBE00C6F2D5 /* db_background.png */ = {isa = PBXFileReference; lastKnownFileType = image.png; path = db_background.png; sourceTree = "<group>"; };
		9294B44612AEEDBE00C6F2D5 /* db_create_account.png */ = {isa = PBXFileReference; lastKnownFileType = image.png; path = db_create_account.png; sourceTree = "<group>"; };
		9294B44712AEEDBE00C6F2D5 /* db_create_account@2x.png */ = {isa = PBXFileReference; lastKnownFileType = image.png; path = "db_create_account@2x.png"; sourceTree = "<group>"; };
		9294B44812AEEDBE00C6F2D5 /* db_create_account_button.png */ = {isa = PBXFileReference; lastKnownFileType = image.png; path = db_create_account_button.png; sourceTree = "<group>"; };
		9294B44912AEEDBE00C6F2D5 /* db_create_account_button_down.png */ = {isa = PBXFileReference; lastKnownFileType = image.png; path = db_create_account_button_down.png; sourceTree = "<group>"; };
		9294B44A12AEEDBE00C6F2D5 /* db_link_button.png */ = {isa = PBXFileReference; lastKnownFileType = image.png; path = db_link_button.png; sourceTree = "<group>"; };
		9294B44B12AEEDBE00C6F2D5 /* db_link_button_down.png */ = {isa = PBXFileReference; lastKnownFileType = image.png; path = db_link_button_down.png; sourceTree = "<group>"; };
		9294B44C12AEEDBE00C6F2D5 /* db_link_header.png */ = {isa = PBXFileReference; lastKnownFileType = image.png; path = db_link_header.png; sourceTree = "<group>"; };
		9294B44D12AEEDBE00C6F2D5 /* db_link_header@2x.png */ = {isa = PBXFileReference; lastKnownFileType = image.png; path = "db_link_header@2x.png"; sourceTree = "<group>"; };
		9294B44E12AEEDBE00C6F2D5 /* db_logo.png */ = {isa = PBXFileReference; lastKnownFileType = image.png; path = db_logo.png; sourceTree = "<group>"; };
		9294B44F12AEEDBE00C6F2D5 /* db_logo@2x.png */ = {isa = PBXFileReference; lastKnownFileType = image.png; path = "db_logo@2x.png"; sourceTree = "<group>"; };
		9294B4A812AEEDF500C6F2D5 /* Security.framework */ = {isa = PBXFileReference; lastKnownFileType = wrapper.framework; name = Security.framework; path = System/Library/Frameworks/Security.framework; sourceTree = SDKROOT; };
		9294B4E812AEF1D500C6F2D5 /* db_logo_button.png */ = {isa = PBXFileReference; lastKnownFileType = image.png; path = db_logo_button.png; sourceTree = "<group>"; };
		9294B4FA12AEF4F300C6F2D5 /* DropboxController.h */ = {isa = PBXFileReference; fileEncoding = 4; lastKnownFileType = sourcecode.c.h; path = DropboxController.h; sourceTree = "<group>"; };
		9294B4FB12AEF4F300C6F2D5 /* DropboxController.m */ = {isa = PBXFileReference; fileEncoding = 4; lastKnownFileType = sourcecode.c.objc; path = DropboxController.m; sourceTree = "<group>"; };
		92B5482A1296ECB200072C8D /* thc-ipad-test.app */ = {isa = PBXFileReference; explicitFileType = wrapper.application; includeInIndex = 0; path = "thc-ipad-test.app"; sourceTree = BUILT_PRODUCTS_DIR; };
		92B5482C1296ECB200072C8D /* thc-ipad-test-Info.plist */ = {isa = PBXFileReference; lastKnownFileType = text.plist.xml; path = "thc-ipad-test-Info.plist"; sourceTree = "<group>"; };
		92CFB278128D9DFB005CB1ED /* RootViewController.h */ = {isa = PBXFileReference; fileEncoding = 4; lastKnownFileType = sourcecode.c.h; path = RootViewController.h; sourceTree = "<group>"; };
		92CFB279128D9DFB005CB1ED /* RootViewController.m */ = {isa = PBXFileReference; fileEncoding = 4; lastKnownFileType = sourcecode.c.objc; path = RootViewController.m; sourceTree = "<group>"; };
		92CFB27A128D9DFB005CB1ED /* RootViewController.xib */ = {isa = PBXFileReference; lastKnownFileType = file.xib; path = RootViewController.xib; sourceTree = "<group>"; };
		92D8C1F712B40B4D00731B1C /* THCScrollView.h */ = {isa = PBXFileReference; fileEncoding = 4; lastKnownFileType = sourcecode.c.h; path = THCScrollView.h; sourceTree = "<group>"; };
		92D8C1F812B40B4D00731B1C /* THCScrollView.m */ = {isa = PBXFileReference; fileEncoding = 4; lastKnownFileType = sourcecode.c.objc; path = THCScrollView.m; sourceTree = "<group>"; };
/* End PBXFileReference section */

/* Begin PBXFrameworksBuildPhase section */
		1D60588F0D05DD3D006BFB54 /* Frameworks */ = {
			isa = PBXFrameworksBuildPhase;
			buildActionMask = 2147483647;
			files = (
				1D60589F0D05DD5A006BFB54 /* Foundation.framework in Frameworks */,
				1DF5F4E00D08C38300B7A737 /* UIKit.framework in Frameworks */,
				288765A50DF7441C002DB57D /* CoreGraphics.framework in Frameworks */,
				28D801B40F44B63D00FB423F /* CoreData.framework in Frameworks */,
				9294B4A912AEEDF500C6F2D5 /* Security.framework in Frameworks */,
			);
			runOnlyForDeploymentPostprocessing = 0;
		};
		92B548281296ECB200072C8D /* Frameworks */ = {
			isa = PBXFrameworksBuildPhase;
			buildActionMask = 2147483647;
			files = (
				92B5489A1296F0F200072C8D /* Foundation.framework in Frameworks */,
				92B5489D1296F10900072C8D /* UIKit.framework in Frameworks */,
				92B5494B1296F13F00072C8D /* CoreGraphics.framework in Frameworks */,
				92B5494C1296F13F00072C8D /* CoreData.framework in Frameworks */,
				402D37F012ABB58E00010C4A /* libOCMock.a in Frameworks */,
				92D8C1D012B40A0700731B1C /* Security.framework in Frameworks */,
			);
			runOnlyForDeploymentPostprocessing = 0;
		};
/* End PBXFrameworksBuildPhase section */

/* Begin PBXGroup section */
		080E96DDFE201D6D7F000001 /* Classes */ = {
			isa = PBXGroup;
			children = (
				40A918B61291A59300BFCA83 /* UIControllers with Element */,
				40C2198A1291779D00559770 /* Model */,
				9285C6AF1291D2D0003F98D3 /* Utils */,
				1D3623240D0F684500981E51 /* ThcAppDelegate.h */,
				1D3623250D0F684500981E51 /* ThcAppDelegate.m */,
				92CFB278128D9DFB005CB1ED /* RootViewController.h */,
				92CFB279128D9DFB005CB1ED /* RootViewController.m */,
				92CFB27A128D9DFB005CB1ED /* RootViewController.xib */,
				9294B4FA12AEF4F300C6F2D5 /* DropboxController.h */,
				9294B4FB12AEF4F300C6F2D5 /* DropboxController.m */,
				40023DDC12B660AC000870CD /* Utils.m */,
				40023DDD12B660AC000870CD /* Utils.h */,
				40023DDE12B660AC000870CD /* THCFonts.m */,
				40023DDF12B660AC000870CD /* THCFonts.h */,
				40023DE012B660AC000870CD /* THCColors.m */,
				40023DE112B660AC000870CD /* THCColors.h */,
			);
			path = Classes;
			sourceTree = "<group>";
		};
		19C28FACFE9D520D11CA2CBB /* Products */ = {
			isa = PBXGroup;
			children = (
				1D6058910D05DD3D006BFB54 /* thc-Debug.app */,
				92B5482A1296ECB200072C8D /* thc-ipad-test.app */,
			);
			name = Products;
			sourceTree = "<group>";
		};
		29B97314FDCFA39411CA2CEA /* CustomTemplate */ = {
			isa = PBXGroup;
			children = (
				402D36F412ABAC8200010C4A /* Tests */,
				080E96DDFE201D6D7F000001 /* Classes */,
				402D37CD12ABB58E00010C4A /* Libraries */,
				29B97315FDCFA39411CA2CEA /* Other Sources */,
				29B97317FDCFA39411CA2CEA /* Resources */,
				29B97323FDCFA39411CA2CEA /* Frameworks */,
				19C28FACFE9D520D11CA2CBB /* Products */,
				92B5482C1296ECB200072C8D /* thc-ipad-test-Info.plist */,
			);
			name = CustomTemplate;
			sourceTree = "<group>";
		};
		29B97315FDCFA39411CA2CEA /* Other Sources */ = {
			isa = PBXGroup;
			children = (
				32CA4F630368D1EE00C91783 /* thc_ipad_Prefix.pch */,
				29B97316FDCFA39411CA2CEA /* main.m */,
			);
			name = "Other Sources";
			sourceTree = "<group>";
		};
		29B97317FDCFA39411CA2CEA /* Resources */ = {
			isa = PBXGroup;
			children = (
				40FE094412B78D4A007FAECC /* vanger.JPG */,
				9294B4E812AEF1D500C6F2D5 /* db_logo_button.png */,
				28193054112F811F00ECF9B4 /* thc_ipad.xcdatamodeld */,
				28AD733E0D9D9553002E5188 /* MainWindow.xib */,
				8D1107310486CEB800E47090 /* thc_ipad-Info.plist */,
				92B5482C1296ECB200072C8D /* thc-ipad-test-Info.plist */,
			);
			name = Resources;
			sourceTree = "<group>";
		};
		29B97323FDCFA39411CA2CEA /* Frameworks */ = {
			isa = PBXGroup;
			children = (
				9294B4A812AEEDF500C6F2D5 /* Security.framework */,
				1DF5F4DF0D08C38300B7A737 /* UIKit.framework */,
				1D30AB110D05D00D00671497 /* Foundation.framework */,
				288765A40DF7441C002DB57D /* CoreGraphics.framework */,
				28D801B30F44B63D00FB423F /* CoreData.framework */,
			);
			name = Frameworks;
			sourceTree = "<group>";
		};
		40023D7212B6579F000870CD /* UIControllers with Element */ = {
			isa = PBXGroup;
			children = (
				40023D7312B6583C000870CD /* THCLabelWithElementTest.m */,
				40FE062912B66BB5007FAECC /* THCTextViewWithElementTest.m */,
				40FE064112B67381007FAECC /* THCUIComponentsTestUtils.h */,
				40FE064212B67381007FAECC /* THCUIComponentsTestUtils.m */,
				40FE094812B78D87007FAECC /* THCImageTest.m */,
			);
			name = "UIControllers with Element";
			sourceTree = "<group>";
		};
		400BED5A12AFAEC000B4DE0C /* Elements */ = {
			isa = PBXGroup;
			children = (
				40023D7F12B65C2D000870CD /* ElementMock.h */,
				40023D8012B65C2D000870CD /* ElementMock.m */,
			);
			name = Elements;
			sourceTree = "<group>";
		};
		402D36F412ABAC8200010C4A /* Tests */ = {
			isa = PBXGroup;
			children = (
				40023D7212B6579F000870CD /* UIControllers with Element */,
				402D36F512ABAC8E00010C4A /* Model */,
				40FE06C312B6AC09007FAECC /* RootViewControllerTest.m */,
				40FE082712B75730007FAECC /* THCScrollViewTest.m */,
			);
			name = Tests;
			sourceTree = "<group>";
		};
		402D36F512ABAC8E00010C4A /* Model */ = {
			isa = PBXGroup;
			children = (
				400BED5A12AFAEC000B4DE0C /* Elements */,
				402D370212ABAE1100010C4A /* AbstractManagerTest.m */,
			);
			name = Model;
			sourceTree = "<group>";
		};
		402D37CD12ABB58E00010C4A /* Libraries */ = {
			isa = PBXGroup;
			children = (
				9294B3F912AEEDBE00C6F2D5 /* DropboxSDK */,
				402D37CF12ABB58E00010C4A /* GTM */,
				402D37DE12ABB58E00010C4A /* Headers */,
				402D37E612ABB58E00010C4A /* libOCMock.a */,
			);
			path = Libraries;
			sourceTree = "<group>";
		};
		402D37CF12ABB58E00010C4A /* GTM */ = {
			isa = PBXGroup;
			children = (
				402D37D112ABB58E00010C4A /* GTMDefines.h */,
				402D37D212ABB58E00010C4A /* GTMIPhoneUnitTestDelegate.h */,
				402D37D312ABB58E00010C4A /* GTMIPhoneUnitTestDelegate.m */,
				402D37D412ABB58E00010C4A /* GTMIPhoneUnitTestMain.m */,
				402D37D512ABB58E00010C4A /* GTMObjC2Runtime.h */,
				402D37D612ABB58E00010C4A /* GTMObjC2Runtime.m */,
				402D37D712ABB58E00010C4A /* GTMRegex.h */,
				402D37D812ABB58E00010C4A /* GTMRegex.m */,
				402D37D912ABB58E00010C4A /* GTMSenTestCase.h */,
				402D37DA12ABB58E00010C4A /* GTMSenTestCase.m */,
				402D37DB12ABB58E00010C4A /* GTMUnitTestDevLog.h */,
				402D37DC12ABB58E00010C4A /* GTMUnitTestDevLog.m */,
				402D37DD12ABB58E00010C4A /* RunIPhoneUnitTest.sh */,
			);
			path = GTM;
			sourceTree = "<group>";
		};
		402D37DE12ABB58E00010C4A /* Headers */ = {
			isa = PBXGroup;
			children = (
				402D37DF12ABB58E00010C4A /* OCMock */,
			);
			path = Headers;
			sourceTree = "<group>";
		};
		402D37DF12ABB58E00010C4A /* OCMock */ = {
			isa = PBXGroup;
			children = (
				402D37E012ABB58E00010C4A /* NSNotificationCenter+OCMAdditions.h */,
				402D37E112ABB58E00010C4A /* OCMArg.h */,
				402D37E212ABB58E00010C4A /* OCMConstraint.h */,
				402D37E312ABB58E00010C4A /* OCMock.h */,
				402D37E412ABB58E00010C4A /* OCMockObject.h */,
				402D37E512ABB58E00010C4A /* OCMockRecorder.h */,
			);
			path = OCMock;
			sourceTree = "<group>";
		};
		40A918B61291A59300BFCA83 /* UIControllers with Element */ = {
			isa = PBXGroup;
			children = (
				40A91992129270D600BFCA83 /* THCUIComponentWithElementProtocol.h */,
				40FE093F12B78C12007FAECC /* THCUIImage.h */,
				40FE094012B78C12007FAECC /* THCUIImage.m */,
				40A9187F1291A2BF00BFCA83 /* THCLabelWithElement.h */,
				40A918801291A2BF00BFCA83 /* THCLabelWithElement.m */,
				40A918A21291A52C00BFCA83 /* THCTextViewWithElement.h */,
				40A918A31291A52C00BFCA83 /* THCTextViewWithElement.m */,
				40D01BA9129C7BCC0027E31D /* THCUITodoView.h */,
				40D01BAA129C7BCC0027E31D /* THCUITodoView.m */,
				40BB26B8129EB31700E0C916 /* THCUIComponentAbstract.h */,
				40BB26B9129EB31700E0C916 /* THCUIComponentAbstract.m */,
				403107C712A8504500BECD2E /* THCUIComponentsUtils.h */,
				403107C812A8504500BECD2E /* THCUIComponentsUtils.m */,
				92D8C1F712B40B4D00731B1C /* THCScrollView.h */,
				92D8C1F812B40B4D00731B1C /* THCScrollView.m */,
			);
			name = "UIControllers with Element";
			sourceTree = "<group>";
		};
		40C2198A1291779D00559770 /* Model */ = {
			isa = PBXGroup;
			children = (
				40C219E61291853800559770 /* Elements */,
				40C2199F12917CFB00559770 /* AbstractManager.h */,
				40C219A012917CFB00559770 /* AbstractManager.m */,
			);
			name = Model;
			sourceTree = "<group>";
		};
		40C219E61291853800559770 /* Elements */ = {
			isa = PBXGroup;
			children = (
				40C219901291796900559770 /* Element.h */,
				40C219911291796900559770 /* Element.m */,
				40023D8212B65C64000870CD /* ElementInterface.h */,
				40C219931291797F00559770 /* ElementManager.h */,
				40C219941291797F00559770 /* ElementManager.m */,
			);
			name = Elements;
			sourceTree = "<group>";
		};
		9285C6AF1291D2D0003F98D3 /* Utils */ = {
			isa = PBXGroup;
			children = (
				9286582E12901AD90082DB64 /* THCColors.h */,
				9286582F12901AD90082DB64 /* THCColors.m */,
				9286587012901F420082DB64 /* THCFonts.h */,
				9286587112901F420082DB64 /* THCFonts.m */,
				927B74B7129163260083088C /* Utils.h */,
				927B74B8129163260083088C /* Utils.m */,
			);
			name = Utils;
			sourceTree = "<group>";
		};
		9294B3F912AEEDBE00C6F2D5 /* DropboxSDK */ = {
			isa = PBXGroup;
			children = (
				9294B3FA12AEEDBE00C6F2D5 /* DBAccountInfo.h */,
				9294B3FB12AEEDBE00C6F2D5 /* DBAccountInfo.m */,
				9294B3FC12AEEDBE00C6F2D5 /* DBCreateAccountController.h */,
				9294B3FD12AEEDBE00C6F2D5 /* DBCreateAccountController.m */,
				9294B3FE12AEEDBE00C6F2D5 /* DBError.h */,
				9294B3FF12AEEDBE00C6F2D5 /* DBError.m */,
				9294B40012AEEDBE00C6F2D5 /* DBLoadingView.h */,
				9294B40112AEEDBE00C6F2D5 /* DBLoadingView.m */,
				9294B40212AEEDBE00C6F2D5 /* DBLoginController.h */,
				9294B40312AEEDBE00C6F2D5 /* DBLoginController.m */,
				9294B40412AEEDBE00C6F2D5 /* DBMetadata.h */,
				9294B40512AEEDBE00C6F2D5 /* DBMetadata.m */,
				9294B40612AEEDBE00C6F2D5 /* DBQuota.h */,
				9294B40712AEEDBE00C6F2D5 /* DBQuota.m */,
				9294B40812AEEDBE00C6F2D5 /* DBRequest.h */,
				9294B40912AEEDBE00C6F2D5 /* DBRequest.m */,
				9294B40A12AEEDBE00C6F2D5 /* DBRestClient.h */,
				9294B40B12AEEDBE00C6F2D5 /* DBRestClient.m */,
				9294B40C12AEEDBE00C6F2D5 /* DBSession.h */,
				9294B40D12AEEDBE00C6F2D5 /* DBSession.m */,
				9294B40E12AEEDBE00C6F2D5 /* DropboxSDK.h */,
				9294B40F12AEEDBE00C6F2D5 /* JSON */,
				9294B41D12AEEDBE00C6F2D5 /* MPOAuth */,
				9294B44212AEEDBE00C6F2D5 /* NSString+Dropbox.h */,
				9294B44312AEEDBE00C6F2D5 /* NSString+Dropbox.m */,
				9294B44412AEEDBE00C6F2D5 /* Resources */,
			);
			path = DropboxSDK;
			sourceTree = "<group>";
		};
		9294B40F12AEEDBE00C6F2D5 /* JSON */ = {
			isa = PBXGroup;
			children = (
				9294B41012AEEDBE00C6F2D5 /* JSON.h */,
				9294B41112AEEDBE00C6F2D5 /* NSObject+SBJSON.h */,
				9294B41212AEEDBE00C6F2D5 /* NSObject+SBJSON.m */,
				9294B41312AEEDBE00C6F2D5 /* NSString+SBJSON.h */,
				9294B41412AEEDBE00C6F2D5 /* NSString+SBJSON.m */,
				9294B41512AEEDBE00C6F2D5 /* SBJSON.h */,
				9294B41612AEEDBE00C6F2D5 /* SBJSON.m */,
				9294B41712AEEDBE00C6F2D5 /* SBJsonBase.h */,
				9294B41812AEEDBE00C6F2D5 /* SBJsonBase.m */,
				9294B41912AEEDBE00C6F2D5 /* SBJsonParser.h */,
				9294B41A12AEEDBE00C6F2D5 /* SBJsonParser.m */,
				9294B41B12AEEDBE00C6F2D5 /* SBJsonWriter.h */,
				9294B41C12AEEDBE00C6F2D5 /* SBJsonWriter.m */,
			);
			path = JSON;
			sourceTree = "<group>";
		};
		9294B41D12AEEDBE00C6F2D5 /* MPOAuth */ = {
			isa = PBXGroup;
			children = (
				9294B41E12AEEDBE00C6F2D5 /* Crypto */,
				9294B42112AEEDBE00C6F2D5 /* MPDebug.h */,
				9294B42212AEEDBE00C6F2D5 /* MPOAuth.h */,
				9294B42312AEEDBE00C6F2D5 /* MPOAuthAPI.h */,
				9294B42412AEEDBE00C6F2D5 /* MPOAuthAPI.m */,
				9294B42512AEEDBE00C6F2D5 /* MPOAuthAPIRequestLoader.h */,
				9294B42612AEEDBE00C6F2D5 /* MPOAuthAPIRequestLoader.m */,
				9294B42712AEEDBE00C6F2D5 /* MPOAuthAuthenticationMethod.h */,
				9294B42812AEEDBE00C6F2D5 /* MPOAuthAuthenticationMethod.m */,
				9294B42912AEEDBE00C6F2D5 /* MPOAuthAuthenticationMethodOAuth.h */,
				9294B42A12AEEDBE00C6F2D5 /* MPOAuthAuthenticationMethodOAuth.m */,
				9294B42B12AEEDBE00C6F2D5 /* MPOAuthConnection.h */,
				9294B42C12AEEDBE00C6F2D5 /* MPOAuthConnection.m */,
				9294B42D12AEEDBE00C6F2D5 /* MPOAuthCredentiaIConcreteStore+KeychainAdditionsMac.m */,
				9294B42E12AEEDBE00C6F2D5 /* MPOAuthCredentialConcreteStore+KeychainAdditions.h */,
				9294B42F12AEEDBE00C6F2D5 /* MPOAuthCredentialConcreteStore+KeychainAdditionsiPhone.m */,
				9294B43012AEEDBE00C6F2D5 /* MPOAuthCredentialConcreteStore.h */,
				9294B43112AEEDBE00C6F2D5 /* MPOAuthCredentialConcreteStore.m */,
				9294B43212AEEDBE00C6F2D5 /* MPOAuthCredentialStore.h */,
				9294B43312AEEDBE00C6F2D5 /* MPOAuthParameterFactory.h */,
				9294B43412AEEDBE00C6F2D5 /* MPOAuthSignatureParameter.h */,
				9294B43512AEEDBE00C6F2D5 /* MPOAuthSignatureParameter.m */,
				9294B43612AEEDBE00C6F2D5 /* MPOAuthURLRequest.h */,
				9294B43712AEEDBE00C6F2D5 /* MPOAuthURLRequest.m */,
				9294B43812AEEDBE00C6F2D5 /* MPOAuthURLResponse.h */,
				9294B43912AEEDBE00C6F2D5 /* MPOAuthURLResponse.m */,
				9294B43A12AEEDBE00C6F2D5 /* MPURLRequestParameter.h */,
				9294B43B12AEEDBE00C6F2D5 /* MPURLRequestParameter.m */,
				9294B43C12AEEDBE00C6F2D5 /* NSString+URLEscapingAdditions.h */,
				9294B43D12AEEDBE00C6F2D5 /* NSString+URLEscapingAdditions.m */,
				9294B43E12AEEDBE00C6F2D5 /* NSURL+MPURLParameterAdditions.h */,
				9294B43F12AEEDBE00C6F2D5 /* NSURL+MPURLParameterAdditions.m */,
				9294B44012AEEDBE00C6F2D5 /* NSURLResponse+Encoding.h */,
				9294B44112AEEDBE00C6F2D5 /* NSURLResponse+Encoding.m */,
			);
			path = MPOAuth;
			sourceTree = "<group>";
		};
		9294B41E12AEEDBE00C6F2D5 /* Crypto */ = {
			isa = PBXGroup;
			children = (
				9294B41F12AEEDBE00C6F2D5 /* Base64Transcoder.c */,
				9294B42012AEEDBE00C6F2D5 /* Base64Transcoder.h */,
			);
			path = Crypto;
			sourceTree = "<group>";
		};
		9294B44412AEEDBE00C6F2D5 /* Resources */ = {
			isa = PBXGroup;
			children = (
				9294B44512AEEDBE00C6F2D5 /* db_background.png */,
				9294B44612AEEDBE00C6F2D5 /* db_create_account.png */,
				9294B44712AEEDBE00C6F2D5 /* db_create_account@2x.png */,
				9294B44812AEEDBE00C6F2D5 /* db_create_account_button.png */,
				9294B44912AEEDBE00C6F2D5 /* db_create_account_button_down.png */,
				9294B44A12AEEDBE00C6F2D5 /* db_link_button.png */,
				9294B44B12AEEDBE00C6F2D5 /* db_link_button_down.png */,
				9294B44C12AEEDBE00C6F2D5 /* db_link_header.png */,
				9294B44D12AEEDBE00C6F2D5 /* db_link_header@2x.png */,
				9294B44E12AEEDBE00C6F2D5 /* db_logo.png */,
				9294B44F12AEEDBE00C6F2D5 /* db_logo@2x.png */,
			);
			path = Resources;
			sourceTree = "<group>";
		};
/* End PBXGroup section */

/* Begin PBXNativeTarget section */
		1D6058900D05DD3D006BFB54 /* thc-ipad */ = {
			isa = PBXNativeTarget;
			buildConfigurationList = 1D6058960D05DD3E006BFB54 /* Build configuration list for PBXNativeTarget "thc-ipad" */;
			buildPhases = (
				1D60588D0D05DD3D006BFB54 /* Resources */,
				1D60588E0D05DD3D006BFB54 /* Sources */,
				1D60588F0D05DD3D006BFB54 /* Frameworks */,
			);
			buildRules = (
			);
			dependencies = (
			);
			name = "thc-ipad";
			productName = "thc-ipad";
			productReference = 1D6058910D05DD3D006BFB54 /* thc-Debug.app */;
			productType = "com.apple.product-type.application";
		};
		92B548291296ECB200072C8D /* thc-ipad-test */ = {
			isa = PBXNativeTarget;
			buildConfigurationList = 92B5482F1296ECB300072C8D /* Build configuration list for PBXNativeTarget "thc-ipad-test" */;
			buildPhases = (
				92B548261296ECB200072C8D /* Resources */,
				92B548271296ECB200072C8D /* Sources */,
				92B548281296ECB200072C8D /* Frameworks */,
				92B548671296EE1500072C8D /* ShellScript */,
			);
			buildRules = (
			);
			dependencies = (
			);
			name = "thc-ipad-test";
			productName = "thc-ipad-test";
			productReference = 92B5482A1296ECB200072C8D /* thc-ipad-test.app */;
			productType = "com.apple.product-type.application";
		};
/* End PBXNativeTarget section */

/* Begin PBXProject section */
		29B97313FDCFA39411CA2CEA /* Project object */ = {
			isa = PBXProject;
			attributes = {
				ORGANIZATIONNAME = "Magic Ink";
			};
			buildConfigurationList = C01FCF4E08A954540054247B /* Build configuration list for PBXProject "thc-ipad" */;
			compatibilityVersion = "Xcode 3.2";
			developmentRegion = English;
			hasScannedForEncodings = 1;
			knownRegions = (
				English,
				Japanese,
				French,
				German,
			);
			mainGroup = 29B97314FDCFA39411CA2CEA /* CustomTemplate */;
			projectDirPath = "";
			projectRoot = "";
			targets = (
				1D6058900D05DD3D006BFB54 /* thc-ipad */,
				92B548291296ECB200072C8D /* thc-ipad-test */,
			);
		};
/* End PBXProject section */

/* Begin PBXResourcesBuildPhase section */
		1D60588D0D05DD3D006BFB54 /* Resources */ = {
			isa = PBXResourcesBuildPhase;
			buildActionMask = 2147483647;
			files = (
				28AD733F0D9D9553002E5188 /* MainWindow.xib in Resources */,
				92CFB27C128D9DFB005CB1ED /* RootViewController.xib in Resources */,
				9294B49D12AEEDBE00C6F2D5 /* db_background.png in Resources */,
				9294B49E12AEEDBE00C6F2D5 /* db_create_account.png in Resources */,
				9294B49F12AEEDBE00C6F2D5 /* db_create_account@2x.png in Resources */,
				9294B4A012AEEDBE00C6F2D5 /* db_create_account_button.png in Resources */,
				9294B4A112AEEDBE00C6F2D5 /* db_create_account_button_down.png in Resources */,
				9294B4A212AEEDBE00C6F2D5 /* db_link_button.png in Resources */,
				9294B4A312AEEDBE00C6F2D5 /* db_link_button_down.png in Resources */,
				9294B4A412AEEDBE00C6F2D5 /* db_link_header.png in Resources */,
				9294B4A512AEEDBE00C6F2D5 /* db_link_header@2x.png in Resources */,
				9294B4A612AEEDBE00C6F2D5 /* db_logo.png in Resources */,
				9294B4A712AEEDBE00C6F2D5 /* db_logo@2x.png in Resources */,
				9294B4EA12AEF1D500C6F2D5 /* db_logo_button.png in Resources */,
				40FE094612B78D4A007FAECC /* vanger.JPG in Resources */,
			);
			runOnlyForDeploymentPostprocessing = 0;
		};
		92B548261296ECB200072C8D /* Resources */ = {
			isa = PBXResourcesBuildPhase;
			buildActionMask = 2147483647;
			files = (
				92B5487E1296F01A00072C8D /* MainWindow.xib in Resources */,
				92B5494F1296F16400072C8D /* RootViewController.xib in Resources */,
				402D37EF12ABB58E00010C4A /* RunIPhoneUnitTest.sh in Resources */,
				9294B47112AEEDBE00C6F2D5 /* db_background.png in Resources */,
				9294B47212AEEDBE00C6F2D5 /* db_create_account.png in Resources */,
				9294B47312AEEDBE00C6F2D5 /* db_create_account@2x.png in Resources */,
				9294B47412AEEDBE00C6F2D5 /* db_create_account_button.png in Resources */,
				9294B47512AEEDBE00C6F2D5 /* db_create_account_button_down.png in Resources */,
				9294B47612AEEDBE00C6F2D5 /* db_link_button.png in Resources */,
				9294B47712AEEDBE00C6F2D5 /* db_link_button_down.png in Resources */,
				9294B47812AEEDBE00C6F2D5 /* db_link_header.png in Resources */,
				9294B47912AEEDBE00C6F2D5 /* db_link_header@2x.png in Resources */,
				9294B47A12AEEDBE00C6F2D5 /* db_logo.png in Resources */,
				9294B47B12AEEDBE00C6F2D5 /* db_logo@2x.png in Resources */,
				9294B4E912AEF1D500C6F2D5 /* db_logo_button.png in Resources */,
				40FE094512B78D4A007FAECC /* vanger.JPG in Resources */,
			);
			runOnlyForDeploymentPostprocessing = 0;
		};
/* End PBXResourcesBuildPhase section */

/* Begin PBXShellScriptBuildPhase section */
		92B548671296EE1500072C8D /* ShellScript */ = {
			isa = PBXShellScriptBuildPhase;
			buildActionMask = 12;
			files = (
			);
			inputPaths = (
			);
			outputPaths = (
			);
			runOnlyForDeploymentPostprocessing = 0;
			shellPath = /bin/sh;
			shellScript = ./Libraries/GTM/RunIPhoneUnitTest.sh;
		};
/* End PBXShellScriptBuildPhase section */

/* Begin PBXSourcesBuildPhase section */
		1D60588E0D05DD3D006BFB54 /* Sources */ = {
			isa = PBXSourcesBuildPhase;
			buildActionMask = 2147483647;
			files = (
				1D60589B0D05DD56006BFB54 /* main.m in Sources */,
				1D3623260D0F684500981E51 /* ThcAppDelegate.m in Sources */,
				28193055112F811F00ECF9B4 /* thc_ipad.xcdatamodeld in Sources */,
				92CFB27B128D9DFB005CB1ED /* RootViewController.m in Sources */,
				40C219921291796900559770 /* Element.m in Sources */,
				40C219951291797F00559770 /* ElementManager.m in Sources */,
				40C219A112917CFB00559770 /* AbstractManager.m in Sources */,
				40A918811291A2BF00BFCA83 /* THCLabelWithElement.m in Sources */,
				40A918A41291A52C00BFCA83 /* THCTextViewWithElement.m in Sources */,
				40D01BAB129C7BCC0027E31D /* THCUITodoView.m in Sources */,
				40BB26BA129EB31700E0C916 /* THCUIComponentAbstract.m in Sources */,
				403107C912A8504500BECD2E /* THCUIComponentsUtils.m in Sources */,
				9294B47C12AEEDBE00C6F2D5 /* DBAccountInfo.m in Sources */,
				9294B47D12AEEDBE00C6F2D5 /* DBCreateAccountController.m in Sources */,
				9294B47E12AEEDBE00C6F2D5 /* DBError.m in Sources */,
				9294B47F12AEEDBE00C6F2D5 /* DBLoadingView.m in Sources */,
				9294B48012AEEDBE00C6F2D5 /* DBLoginController.m in Sources */,
				9294B48112AEEDBE00C6F2D5 /* DBMetadata.m in Sources */,
				9294B48212AEEDBE00C6F2D5 /* DBQuota.m in Sources */,
				9294B48312AEEDBE00C6F2D5 /* DBRequest.m in Sources */,
				9294B48412AEEDBE00C6F2D5 /* DBRestClient.m in Sources */,
				9294B48512AEEDBE00C6F2D5 /* DBSession.m in Sources */,
				9294B48612AEEDBE00C6F2D5 /* NSObject+SBJSON.m in Sources */,
				9294B48712AEEDBE00C6F2D5 /* NSString+SBJSON.m in Sources */,
				9294B48812AEEDBE00C6F2D5 /* SBJSON.m in Sources */,
				9294B48912AEEDBE00C6F2D5 /* SBJsonBase.m in Sources */,
				9294B48A12AEEDBE00C6F2D5 /* SBJsonParser.m in Sources */,
				9294B48B12AEEDBE00C6F2D5 /* SBJsonWriter.m in Sources */,
				9294B48C12AEEDBE00C6F2D5 /* Base64Transcoder.c in Sources */,
				9294B48D12AEEDBE00C6F2D5 /* MPOAuthAPI.m in Sources */,
				9294B48E12AEEDBE00C6F2D5 /* MPOAuthAPIRequestLoader.m in Sources */,
				9294B48F12AEEDBE00C6F2D5 /* MPOAuthAuthenticationMethod.m in Sources */,
				9294B49012AEEDBE00C6F2D5 /* MPOAuthAuthenticationMethodOAuth.m in Sources */,
				9294B49112AEEDBE00C6F2D5 /* MPOAuthConnection.m in Sources */,
				9294B49212AEEDBE00C6F2D5 /* MPOAuthCredentiaIConcreteStore+KeychainAdditionsMac.m in Sources */,
				9294B49312AEEDBE00C6F2D5 /* MPOAuthCredentialConcreteStore+KeychainAdditionsiPhone.m in Sources */,
				9294B49412AEEDBE00C6F2D5 /* MPOAuthCredentialConcreteStore.m in Sources */,
				9294B49512AEEDBE00C6F2D5 /* MPOAuthSignatureParameter.m in Sources */,
				9294B49612AEEDBE00C6F2D5 /* MPOAuthURLRequest.m in Sources */,
				9294B49712AEEDBE00C6F2D5 /* MPOAuthURLResponse.m in Sources */,
				9294B49812AEEDBE00C6F2D5 /* MPURLRequestParameter.m in Sources */,
				9294B49912AEEDBE00C6F2D5 /* NSString+URLEscapingAdditions.m in Sources */,
				9294B49A12AEEDBE00C6F2D5 /* NSURL+MPURLParameterAdditions.m in Sources */,
				9294B49B12AEEDBE00C6F2D5 /* NSURLResponse+Encoding.m in Sources */,
				9294B49C12AEEDBE00C6F2D5 /* NSString+Dropbox.m in Sources */,
				9294B4FD12AEF4F300C6F2D5 /* DropboxController.m in Sources */,
				92D8C1FA12B40B4D00731B1C /* THCScrollView.m in Sources */,
				40023DE512B660B9000870CD /* Utils.m in Sources */,
				40023DE612B660BF000870CD /* THCFonts.m in Sources */,
				40023DE712B660C2000870CD /* THCColors.m in Sources */,
				40FE0A5512B79DF5007FAECC /* THCUIImage.m in Sources */,
			);
			runOnlyForDeploymentPostprocessing = 0;
		};
		92B548271296ECB200072C8D /* Sources */ = {
			isa = PBXSourcesBuildPhase;
			buildActionMask = 2147483647;
			files = (
				92B549521296F17300072C8D /* RootViewController.m in Sources */,
				92B549571296F1B500072C8D /* ElementManager.m in Sources */,
				92B5495E1296F1CC00072C8D /* Element.m in Sources */,
				92B5495F1296F1CD00072C8D /* AbstractManager.m in Sources */,
				92B549641296F1E400072C8D /* ThcAppDelegate.m in Sources */,
				92B549701296F22C00072C8D /* THCLabelWithElement.m in Sources */,
				92B549711296F22C00072C8D /* THCTextViewWithElement.m in Sources */,
				92B549771296F26E00072C8D /* thc_ipad.xcdatamodel in Sources */,
				402D370312ABAE1100010C4A /* AbstractManagerTest.m in Sources */,
				402D371512ABAFD700010C4A /* THCUIComponentAbstract.m in Sources */,
				402D371612ABAFD900010C4A /* THCUIComponentsUtils.m in Sources */,
				402D371712ABAFDC00010C4A /* THCUITodoView.m in Sources */,
				402D37E912ABB58E00010C4A /* GTMIPhoneUnitTestDelegate.m in Sources */,
				402D37EA12ABB58E00010C4A /* GTMIPhoneUnitTestMain.m in Sources */,
				402D37EB12ABB58E00010C4A /* GTMObjC2Runtime.m in Sources */,
				402D37EC12ABB58E00010C4A /* GTMRegex.m in Sources */,
				402D37ED12ABB58E00010C4A /* GTMSenTestCase.m in Sources */,
				402D37EE12ABB58E00010C4A /* GTMUnitTestDevLog.m in Sources */,
				9294B45012AEEDBE00C6F2D5 /* DBAccountInfo.m in Sources */,
				9294B45112AEEDBE00C6F2D5 /* DBCreateAccountController.m in Sources */,
				9294B45212AEEDBE00C6F2D5 /* DBError.m in Sources */,
				9294B45312AEEDBE00C6F2D5 /* DBLoadingView.m in Sources */,
				9294B45412AEEDBE00C6F2D5 /* DBLoginController.m in Sources */,
				9294B45512AEEDBE00C6F2D5 /* DBMetadata.m in Sources */,
				9294B45612AEEDBE00C6F2D5 /* DBQuota.m in Sources */,
				9294B45712AEEDBE00C6F2D5 /* DBRequest.m in Sources */,
				9294B45812AEEDBE00C6F2D5 /* DBRestClient.m in Sources */,
				9294B45912AEEDBE00C6F2D5 /* DBSession.m in Sources */,
				9294B45A12AEEDBE00C6F2D5 /* NSObject+SBJSON.m in Sources */,
				9294B45B12AEEDBE00C6F2D5 /* NSString+SBJSON.m in Sources */,
				9294B45C12AEEDBE00C6F2D5 /* SBJSON.m in Sources */,
				9294B45D12AEEDBE00C6F2D5 /* SBJsonBase.m in Sources */,
				9294B45E12AEEDBE00C6F2D5 /* SBJsonParser.m in Sources */,
				9294B45F12AEEDBE00C6F2D5 /* SBJsonWriter.m in Sources */,
				9294B46012AEEDBE00C6F2D5 /* Base64Transcoder.c in Sources */,
				9294B46112AEEDBE00C6F2D5 /* MPOAuthAPI.m in Sources */,
				9294B46212AEEDBE00C6F2D5 /* MPOAuthAPIRequestLoader.m in Sources */,
				9294B46312AEEDBE00C6F2D5 /* MPOAuthAuthenticationMethod.m in Sources */,
				9294B46412AEEDBE00C6F2D5 /* MPOAuthAuthenticationMethodOAuth.m in Sources */,
				9294B46512AEEDBE00C6F2D5 /* MPOAuthConnection.m in Sources */,
				9294B46612AEEDBE00C6F2D5 /* MPOAuthCredentiaIConcreteStore+KeychainAdditionsMac.m in Sources */,
				9294B46712AEEDBE00C6F2D5 /* MPOAuthCredentialConcreteStore+KeychainAdditionsiPhone.m in Sources */,
				9294B46812AEEDBE00C6F2D5 /* MPOAuthCredentialConcreteStore.m in Sources */,
				9294B46912AEEDBE00C6F2D5 /* MPOAuthSignatureParameter.m in Sources */,
				9294B46A12AEEDBE00C6F2D5 /* MPOAuthURLRequest.m in Sources */,
				9294B46B12AEEDBE00C6F2D5 /* MPOAuthURLResponse.m in Sources */,
				9294B46C12AEEDBE00C6F2D5 /* MPURLRequestParameter.m in Sources */,
				9294B46D12AEEDBE00C6F2D5 /* NSString+URLEscapingAdditions.m in Sources */,
				9294B46E12AEEDBE00C6F2D5 /* NSURL+MPURLParameterAdditions.m in Sources */,
				9294B46F12AEEDBE00C6F2D5 /* NSURLResponse+Encoding.m in Sources */,
				9294B47012AEEDBE00C6F2D5 /* NSString+Dropbox.m in Sources */,
				9294B4FC12AEF4F300C6F2D5 /* DropboxController.m in Sources */,
				92D8C1F912B40B4D00731B1C /* THCScrollView.m in Sources */,
				40023D8112B65C2D000870CD /* ElementMock.m in Sources */,
				40023DC712B66001000870CD /* THCLabelWithElementTest.m in Sources */,
				40023DE212B660AC000870CD /* Utils.m in Sources */,
				40023DE312B660AC000870CD /* THCFonts.m in Sources */,
				40023DE412B660AC000870CD /* THCColors.m in Sources */,
				40FE062A12B66BB5007FAECC /* THCTextViewWithElementTest.m in Sources */,
				40FE064312B67381007FAECC /* THCUIComponentsTestUtils.m in Sources */,
				40FE06C412B6AC09007FAECC /* RootViewControllerTest.m in Sources */,
				40FE082812B75730007FAECC /* THCScrollViewTest.m in Sources */,
				40FE094112B78C12007FAECC /* THCUIImage.m in Sources */,
				40FE094A12B78D87007FAECC /* THCImageTest.m in Sources */,
			);
			runOnlyForDeploymentPostprocessing = 0;
		};
/* End PBXSourcesBuildPhase section */

/* Begin XCBuildConfiguration section */
		1D6058940D05DD3E006BFB54 /* Debug */ = {
			isa = XCBuildConfiguration;
			buildSettings = {
				ALWAYS_SEARCH_USER_PATHS = NO;
				"CODE_SIGN_IDENTITY[sdk=iphoneos*]" = "iPhone Developer";
				COPY_PHASE_STRIP = NO;
				GCC_DYNAMIC_NO_PIC = NO;
				GCC_OPTIMIZATION_LEVEL = 0;
				GCC_PRECOMPILE_PREFIX_HEADER = YES;
				GCC_PREFIX_HEADER = thc_ipad_Prefix.pch;
				INFOPLIST_FILE = "thc_ipad-Info.plist";
				PRODUCT_NAME = "thc-Debug";
				"PROVISIONING_PROFILE[sdk=iphoneos*]" = "";
			};
			name = Debug;
		};
		1D6058950D05DD3E006BFB54 /* Release */ = {
			isa = XCBuildConfiguration;
			buildSettings = {
				ALWAYS_SEARCH_USER_PATHS = NO;
				"CODE_SIGN_IDENTITY[sdk=iphoneos*]" = "iPhone Distribution";
				COPY_PHASE_STRIP = YES;
				GCC_PRECOMPILE_PREFIX_HEADER = YES;
				GCC_PREFIX_HEADER = thc_ipad_Prefix.pch;
				INFOPLIST_FILE = "thc_ipad-Info.plist";
				PRODUCT_NAME = ThoughtCase;
				"PROVISIONING_PROFILE[sdk=iphoneos*]" = "";
				VALIDATE_PRODUCT = YES;
			};
			name = Release;
		};
		92B5482D1296ECB300072C8D /* Debug */ = {
			isa = XCBuildConfiguration;
			buildSettings = {
				ALWAYS_SEARCH_USER_PATHS = NO;
				CODE_SIGN_IDENTITY = "iPhone Developer";
				COPY_PHASE_STRIP = NO;
				GCC_DYNAMIC_NO_PIC = NO;
				GCC_OPTIMIZATION_LEVEL = 0;
				GCC_PRECOMPILE_PREFIX_HEADER = YES;
				GCC_PREFIX_HEADER = thc_ipad_Prefix.pch;
				HEADER_SEARCH_PATHS = "$(PROJECT_DIR)/Libraries/Headers";
				INFOPLIST_FILE = "thc-ipad-test-Info.plist";
				INSTALL_PATH = "$(HOME)/Applications";
				LIBRARY_SEARCH_PATHS = (
					"$(inherited)",
					"\"$(SRCROOT)/Libraries\"",
				);
				OTHER_LDFLAGS = (
					"-ObjC",
					"-force_load",
					"$(PROJECT_DIR)/Libraries/libOCMock.a",
					"-framework",
					Foundation,
					"-framework",
					UIKit,
				);
				PREBINDING = NO;
				PRODUCT_NAME = "thc-ipad-test";
				SDKROOT = iphoneos;
			};
			name = Debug;
		};
		92B5482E1296ECB300072C8D /* Release */ = {
			isa = XCBuildConfiguration;
			buildSettings = {
				ALWAYS_SEARCH_USER_PATHS = NO;
				CODE_SIGN_IDENTITY = "iPhone Developer";
				COPY_PHASE_STRIP = YES;
				DEBUG_INFORMATION_FORMAT = "dwarf-with-dsym";
				GCC_ENABLE_FIX_AND_CONTINUE = NO;
				GCC_PRECOMPILE_PREFIX_HEADER = YES;
				GCC_PREFIX_HEADER = "$(SYSTEM_LIBRARY_DIR)/Frameworks/UIKit.framework/Headers/UIKit.h";
				INFOPLIST_FILE = "thc-ipad-test-Info.plist";
				INSTALL_PATH = "$(HOME)/Applications";
				LIBRARY_SEARCH_PATHS = (
					"$(inherited)",
					"\"$(SRCROOT)/Libraries\"",
				);
				OTHER_LDFLAGS = (
					"-framework",
					Foundation,
					"-framework",
					UIKit,
				);
				PREBINDING = NO;
				PRODUCT_NAME = "thc-ipad-test";
				SDKROOT = iphoneos;
				ZERO_LINK = NO;
			};
			name = Release;
		};
		C01FCF4F08A954540054247B /* Debug */ = {
			isa = XCBuildConfiguration;
			buildSettings = {
				ARCHS = "$(ARCHS_UNIVERSAL_IPHONE_OS)";
				"CODE_SIGN_IDENTITY[sdk=iphoneos*]" = "iPhone Developer";
				GCC_C_LANGUAGE_STANDARD = c99;
				GCC_WARN_ABOUT_RETURN_TYPE = YES;
				GCC_WARN_UNUSED_VARIABLE = YES;
				IPHONEOS_DEPLOYMENT_TARGET = 3.2;
				PREBINDING = NO;
				PRODUCT_NAME = "thc-Debug";
				SDKROOT = iphoneos;
				TARGETED_DEVICE_FAMILY = 2;
			};
			name = Debug;
		};
		C01FCF5008A954540054247B /* Release */ = {
			isa = XCBuildConfiguration;
			buildSettings = {
				ARCHS = "$(ARCHS_UNIVERSAL_IPHONE_OS)";
				"CODE_SIGN_IDENTITY[sdk=iphoneos*]" = "iPhone Distribution";
				GCC_C_LANGUAGE_STANDARD = c99;
				GCC_WARN_ABOUT_RETURN_TYPE = YES;
				GCC_WARN_UNUSED_VARIABLE = YES;
				IPHONEOS_DEPLOYMENT_TARGET = 3.2;
				OTHER_CFLAGS = "-DNS_BLOCK_ASSERTIONS=1";
				PREBINDING = NO;
				PRODUCT_NAME = ThoughtCase;
				"PROVISIONING_PROFILE[sdk=iphoneos*]" = "";
				SDKROOT = iphoneos;
				TARGETED_DEVICE_FAMILY = 2;
			};
			name = Release;
		};
/* End XCBuildConfiguration section */

/* Begin XCConfigurationList section */
		1D6058960D05DD3E006BFB54 /* Build configuration list for PBXNativeTarget "thc-ipad" */ = {
			isa = XCConfigurationList;
			buildConfigurations = (
				1D6058940D05DD3E006BFB54 /* Debug */,
				1D6058950D05DD3E006BFB54 /* Release */,
			);
			defaultConfigurationIsVisible = 0;
			defaultConfigurationName = Release;
		};
		92B5482F1296ECB300072C8D /* Build configuration list for PBXNativeTarget "thc-ipad-test" */ = {
			isa = XCConfigurationList;
			buildConfigurations = (
				92B5482D1296ECB300072C8D /* Debug */,
				92B5482E1296ECB300072C8D /* Release */,
			);
			defaultConfigurationIsVisible = 0;
			defaultConfigurationName = Release;
		};
		C01FCF4E08A954540054247B /* Build configuration list for PBXProject "thc-ipad" */ = {
			isa = XCConfigurationList;
			buildConfigurations = (
				C01FCF4F08A954540054247B /* Debug */,
				C01FCF5008A954540054247B /* Release */,
			);
			defaultConfigurationIsVisible = 0;
			defaultConfigurationName = Release;
		};
/* End XCConfigurationList section */

/* Begin XCVersionGroup section */
		28193054112F811F00ECF9B4 /* thc_ipad.xcdatamodeld */ = {
			isa = XCVersionGroup;
			children = (
				28C3AD890F43EF2300507BA6 /* thc_ipad.xcdatamodel */,
			);
			currentVersion = 28C3AD890F43EF2300507BA6 /* thc_ipad.xcdatamodel */;
			path = thc_ipad.xcdatamodeld;
			sourceTree = "<group>";
			versionGroupType = wrapper.xcdatamodel;
		};
/* End XCVersionGroup section */
	};
	rootObject = 29B97313FDCFA39411CA2CEA /* Project object */;
}
